Microsoft Visual Studio Solution File, Format Version 12.00
# Visual Studio Version 16
VisualStudioVersion = 16.0.29123.88
MinimumVisualStudioVersion = 10.0.40219.1
Project("{2150E333-8FDC-42A3-9474-1A3956D46DE8}") = "Framework", "Framework", "{F9D94A37-D2F9-4CB1-958C-FF0F6E26D96D}"
EndProject
Project("{2150E333-8FDC-42A3-9474-1A3956D46DE8}") = "GUI", "GUI", "{1DEBAE06-27B0-45D5-A839-525270908517}"
EndProject
Project("{FAE04EC0-301F-11D3-BF4B-00C04F79EFBC}") = "PacketDotNet", "Framework\PacketDotNet\PacketDotNet.csproj", "{55ABBA4C-AAF9-4726-A592-0C92436CEC92}"
EndProject
Project("{2150E333-8FDC-42A3-9474-1A3956D46DE8}") = ".nuget", ".nuget", "{0695FEC5-0CEF-4062-B067-F8FBE309FBF9}"
	ProjectSection(SolutionItems) = preProject
		.nuget\NuGet.Config = .nuget\NuGet.Config
	EndProjectSection
EndProject
Project("{2150E333-8FDC-42A3-9474-1A3956D46DE8}") = "Installer", "Installer", "{1D711FBD-363F-4170-BB36-E3BC8E4D0125}"
EndProject
Project("{FAE04EC0-301F-11D3-BF4B-00C04F79EFBC}") = "SnooperFTP", "Framework\Snoopers\SnooperFTP\SnooperFTP.csproj", "{85B750E0-FD7C-4D8C-8BE0-8162E4DCB92E}"
EndProject
Project("{2150E333-8FDC-42A3-9474-1A3956D46DE8}") = "Misc", "Misc", "{EFE082E1-8966-4D2E-B794-F30F9C9C599C}"
EndProject
Project("{2150E333-8FDC-42A3-9474-1A3956D46DE8}") = "Snoopers", "Snoopers", "{891222D7-BD2B-4CF2-B97D-099A4C34E409}"
EndProject
Project("{FAE04EC0-301F-11D3-BF4B-00C04F79EFBC}") = "SnooperSIP", "Framework\Snoopers\SnooperSIP\SnooperSIP.csproj", "{AE511769-EB8A-41DE-B52E-22EDDC94D03A}"
EndProject
Project("{FAE04EC0-301F-11D3-BF4B-00C04F79EFBC}") = "SnooperHTTP", "Framework\Snoopers\SnooperHTTP\SnooperHTTP.csproj", "{4206E14C-6963-42E6-9530-5088EB2BD729}"
EndProject
Project("{FAE04EC0-301F-11D3-BF4B-00C04F79EFBC}") = "SnooperWebmails", "Framework\Snoopers\SnooperWebmails\SnooperWebmails.csproj", "{C47042DB-C816-42FF-AC04-C837A3B4C90E}"
EndProject
Project("{FAE04EC0-301F-11D3-BF4B-00C04F79EFBC}") = "SnooperWarcraft", "Framework\Snoopers\SnooperWarcraft\SnooperWarcraft.csproj", "{64165ACF-7ABC-4265-9475-D43DCBF0D61D}"
EndProject
Project("{FAE04EC0-301F-11D3-BF4B-00C04F79EFBC}") = "SnooperMinecraft", "Framework\Snoopers\SnooperMinecraft\SnooperMinecraft.csproj", "{FF8172EB-910D-4F61-915C-22E0CC5D844B}"
EndProject
Project("{FAE04EC0-301F-11D3-BF4B-00C04F79EFBC}") = "SnooperBTC", "Framework\Snoopers\SnooperBTC\SnooperBTC.csproj", "{62154CD7-E650-4A5B-BC38-A4F0868DB916}"
EndProject
Project("{FAE04EC0-301F-11D3-BF4B-00C04F79EFBC}") = "SnooperFacebook", "Framework\Snoopers\SnooperFacebook\SnooperFacebook.csproj", "{754AB365-F70D-46B5-BD91-9BCCB97F4E11}"
EndProject
Project("{FAE04EC0-301F-11D3-BF4B-00C04F79EFBC}") = "SnooperRTP", "Framework\Snoopers\SnooperRTP\SnooperRTP.csproj", "{61029379-D416-4556-8CE7-361C06917E4E}"
EndProject
Project("{2150E333-8FDC-42A3-9474-1A3956D46DE8}") = "Solution Items", "Solution Items", "{44A34466-B2E8-4DB5-B5F7-1C773C09AFF6}"
	ProjectSection(SolutionItems) = preProject
		.gitignore = .gitignore
		CONTRIBUTING.md = CONTRIBUTING.md
		DeleteBinObj.ps1 = DeleteBinObj.ps1
		Netfox.runsettings = Netfox.runsettings
		Performance1.psess = Performance1.psess
		PostSharp.Custom.targets = PostSharp.Custom.targets
		README.md = README.md
		SharedAssemblyInfo.cs = SharedAssemblyInfo.cs
		UnitTesting.md = UnitTesting.md
	EndProjectSection
EndProject
Project("{FAE04EC0-301F-11D3-BF4B-00C04F79EFBC}") = "SnooperPOP", "Framework\Snoopers\SnooperPOP\SnooperPOP.csproj", "{1925B894-FC4B-42CD-B571-56568F752826}"
EndProject
Project("{FAE04EC0-301F-11D3-BF4B-00C04F79EFBC}") = "SnooperXMPP", "Framework\Snoopers\SnooperXMPP\SnooperXMPP.csproj", "{EECB6397-E0BF-43A6-A577-6F6A4DD66D1E}"
EndProject
Project("{FAE04EC0-301F-11D3-BF4B-00C04F79EFBC}") = "SnooperYMSG", "Framework\Snoopers\SnooperYMSG\SnooperYMSG.csproj", "{0EA4EEBF-E7B9-4A10-B55C-AD6B9C811499}"
EndProject
Project("{FAE04EC0-301F-11D3-BF4B-00C04F79EFBC}") = "SnooperSMTP", "Framework\Snoopers\SnooperSMTP\SnooperSMTP.csproj", "{A8CEE9A5-A37D-45D4-BB24-FE877395A786}"
EndProject
Project("{FAE04EC0-301F-11D3-BF4B-00C04F79EFBC}") = "WPFSoundVisualizationLib", "Misc\WPFSoundVisualizationLibrary\WPFSoundVisualizationLib.csproj", "{90F96222-1C39-4A19-ABE8-1B00FB330985}"
EndProject
Project("{FAE04EC0-301F-11D3-BF4B-00C04F79EFBC}") = "SnooperIMAP", "Framework\Snoopers\SnooperIMAP\SnooperIMAP.csproj", "{D8B506F0-90C6-4BF0-A07A-9B0212A3512F}"
EndProject
Project("{FAE04EC0-301F-11D3-BF4B-00C04F79EFBC}") = "SnooperICQ", "Framework\Snoopers\SnooperICQ\SnooperICQ.csproj", "{C1CBE785-FE24-4BEF-A97B-676A717ADA23}"
EndProject
Project("{2150E333-8FDC-42A3-9474-1A3956D46DE8}") = "Analyzers", "Analyzers", "{D8AF9680-F39D-4FED-BEC6-D8C6D2267085}"
EndProject
Project("{FAE04EC0-301F-11D3-BF4B-00C04F79EFBC}") = "AnalyzerVoIP", "GUI\Analyzers\VoIPAnalyzer\AnalyzerVoIP.csproj", "{404F6661-5DFD-4B69-A3FF-61BF2497A571}"
EndProject
Project("{FAE04EC0-301F-11D3-BF4B-00C04F79EFBC}") = "AnalyzerSIPFraud", "GUI\Analyzers\SipFraudAnalyzer\AnalyzerSIPFraud.csproj", "{903908E6-2302-4E4F-B5C4-1FD85BDC4FCE}"
EndProject
Project("{FAE04EC0-301F-11D3-BF4B-00C04F79EFBC}") = "EntityFramework.Utilities", "Misc\EntityFramework.Utilities\EntityFramework.Utilities\EntityFramework.Utilities\EntityFramework.Utilities.csproj", "{C3211BAC-13F0-42A7-924C-34BB0EE77914}"
EndProject
Project("{2150E333-8FDC-42A3-9474-1A3956D46DE8}") = "EntityFramework.BulkInsert", "EntityFramework.BulkInsert", "{C0DC3004-02F1-4FA2-9E80-F1F8487D1EA4}"
EndProject
Project("{FAE04EC0-301F-11D3-BF4B-00C04F79EFBC}") = "EntityFramework.BulkInsert", "Misc\EntityFramework.BulkInsert\src\EntityFramework.BulkInsert\EntityFramework.BulkInsert.csproj", "{E48AB221-FB79-4F22-9641-3C283F44F1C7}"
EndProject
Project("{FAE04EC0-301F-11D3-BF4B-00C04F79EFBC}") = "EntityFramework.BulkInsert.Test", "Misc\EntityFramework.BulkInsert\src\EntityFramework.BulkInsert.Test\EntityFramework.BulkInsert.Test.csproj", "{20B90CC0-1DC1-4154-8434-A16B9B902FC4}"
EndProject
Project("{FAE04EC0-301F-11D3-BF4B-00C04F79EFBC}") = "EntityFramework.BulkInsert.SqlServerCe", "Misc\EntityFramework.BulkInsert\src\EntityFramework.BulkInsert.SqlServerCe\EntityFramework.BulkInsert.SqlServerCe.csproj", "{8BCCBC7B-9F9F-491A-8778-88EF6D2A279C}"
EndProject
Project("{FAE04EC0-301F-11D3-BF4B-00C04F79EFBC}") = "SnooperHangouts", "Framework\Snoopers\SnooperHangouts\SnooperHangouts.csproj", "{615EBC87-9694-4311-A526-FFBE2B556B8C}"
EndProject
Project("{FAE04EC0-301F-11D3-BF4B-00C04F79EFBC}") = "SnooperMQTT", "Framework\Snoopers\SnooperMQTT\SnooperMQTT.csproj", "{8467EA96-E468-4EAE-BA4B-24458F9548D6}"
EndProject
Project("{FAE04EC0-301F-11D3-BF4B-00C04F79EFBC}") = "SnooperMessenger", "Framework\Snoopers\SnooperMessenger\SnooperMessenger.csproj", "{1E69C5AE-9589-4A00-A2B5-E80D84A46928}"
EndProject
Project("{FAE04EC0-301F-11D3-BF4B-00C04F79EFBC}") = "SnooperSPDY", "Framework\Snoopers\SnooperSPDY\SnooperSPDY.csproj", "{C070B724-DC4D-45BB-9D0D-4906D7B17DD7}"
EndProject
Project("{FAE04EC0-301F-11D3-BF4B-00C04F79EFBC}") = "SnooperTwitter", "Framework\Snoopers\SnooperTwitter\SnooperTwitter.csproj", "{9AD26879-6DAC-43D7-B897-66EE39784607}"
EndProject
Project("{FAE04EC0-301F-11D3-BF4B-00C04F79EFBC}") = "zlib.net", "Misc\zlib.net\zlib.net.csproj", "{0C89B7A2-A218-49E4-B545-5B044A45F977}"
EndProject
Project("{FAE04EC0-301F-11D3-BF4B-00C04F79EFBC}") = "Thrift", "Misc\thrift\Thrift.csproj", "{499EB63C-D74C-47E8-AE48-A2FC94538E9D}"
EndProject
Project("{930C7802-8A8C-48F9-8165-68863BCCD9DD}") = "WixSetup", "Installer\WixSetup\WixSetup.wixproj", "{0F86FF86-528A-416C-860B-11F58C464423}"
EndProject
Project("{2150E333-8FDC-42A3-9474-1A3956D46DE8}") = "Numl", "Numl", "{56AC89D5-FCA8-4648-81EF-03FCF16F9A77}"
EndProject
Project("{FAE04EC0-301F-11D3-BF4B-00C04F79EFBC}") = "numl", "Misc\Numl\numl\numl.csproj", "{11022B54-2310-42AA-B80F-660733243406}"
EndProject
Project("{FAE04EC0-301F-11D3-BF4B-00C04F79EFBC}") = "numl.Tests", "Misc\Numl\numl.Tests\numl.Tests.csproj", "{C6EBD1E6-5744-4FB0-A223-FD0D0A23B985}"
EndProject
Project("{FAE04EC0-301F-11D3-BF4B-00C04F79EFBC}") = "AnalyzerAppIdent", "GUI\Analyzers\AppIdentVisualization\AnalyzerAppIdent.csproj", "{DB3A0100-6A06-45E8-95BE-7EB23C2FD4E1}"
EndProject
Project("{FAE04EC0-301F-11D3-BF4B-00C04F79EFBC}") = "SnooperXchat", "Framework\Snoopers\SnooperXchat\SnooperXchat.csproj", "{77318C22-A8D3-4C62-B843-53C7725E7F01}"
EndProject
Project("{2150E333-8FDC-42A3-9474-1A3956D46DE8}") = "ApplicationRecognizers", "ApplicationRecognizers", "{0CB2B85F-5B22-47C8-A063-68E704B410E2}"
EndProject
Project("{FAE04EC0-301F-11D3-BF4B-00C04F79EFBC}") = "Framework.Models", "Framework\Framework.Models\Framework.Models.csproj", "{5613CE65-51D2-49E5-BA0D-7CB5D8CB94D9}"
EndProject
Project("{FAE04EC0-301F-11D3-BF4B-00C04F79EFBC}") = "AppIdent", "Framework\ApplicationRecognizers\AppIdent\AppIdent.csproj", "{7D789E8A-9570-4C7A-A224-877C4BBF151E}"
EndProject
Project("{FAE04EC0-301F-11D3-BF4B-00C04F79EFBC}") = "Nbar", "Framework\ApplicationRecognizers\Nbar\Nbar.csproj", "{524998D9-4E6E-4450-B5BD-22A4909D73BD}"
EndProject
Project("{FAE04EC0-301F-11D3-BF4B-00C04F79EFBC}") = "NBARDatabase", "Framework\ApplicationRecognizers\NBARDatabase\NBARDatabase.csproj", "{0639F5B8-BA51-4EFB-AF76-D1C3BDBF81DF}"
EndProject
Project("{FAE04EC0-301F-11D3-BF4B-00C04F79EFBC}") = "RTP", "Framework\ApplicationRecognizers\RTP\RTP.csproj", "{01AE9AA9-4A3C-4C5E-988C-4A0CD95B184E}"
EndProject
Project("{FAE04EC0-301F-11D3-BF4B-00C04F79EFBC}") = "Spid", "Framework\ApplicationRecognizers\Spid\Spid.csproj", "{72D63EB4-4A7A-448C-A9E0-120D7F539706}"
EndProject
Project("{2150E333-8FDC-42A3-9474-1A3956D46DE8}") = "EntityFramework.InMemory", "EntityFramework.InMemory", "{D3598912-ECB7-4AE8-9E48-34295B20D967}"
EndProject
Project("{FAE04EC0-301F-11D3-BF4B-00C04F79EFBC}") = "EntityFramework.InMemory", "Misc\EntityFramework.InMemory\EntityFramework.InMemory\EntityFramework.InMemory.csproj", "{B353B71F-92DB-4A08-A7D3-56E52F09FAB4}"
EndProject
Project("{FAE04EC0-301F-11D3-BF4B-00C04F79EFBC}") = "EntityFramework.InMemory.Test", "Misc\EntityFramework.InMemory\ClassLibrary1EntityFramework.InMemory.Test\EntityFramework.InMemory.Test.csproj", "{0BE26A15-9E63-4B43-A78D-E08E54198193}"
EndProject
Project("{2150E333-8FDC-42A3-9474-1A3956D46DE8}") = "EntityFramework.MappingAPI", "EntityFramework.MappingAPI", "{85A28B9B-6116-4992-8745-8F55DE1690FB}"
EndProject
Project("{FAE04EC0-301F-11D3-BF4B-00C04F79EFBC}") = "EntityFramework.MappingAPI.Net45", "Misc\EntityFramework.MappingAPI\EntityFramework.MappingAPI\EntityFramework.MappingAPI.Net45.csproj", "{168DD262-C4DB-49E8-BF62-BFDD3B6DA41E}"
EndProject
Project("{FAE04EC0-301F-11D3-BF4B-00C04F79EFBC}") = "EntityFramework.MappingAPI.Test.Net45", "Misc\EntityFramework.MappingAPI\EntityFramework.MappingAPI.Test\EntityFramework.MappingAPI.Test.Net45.csproj", "{BC13B004-21FE-4A7A-8B8B-728E4A9CEC67}"
EndProject
Project("{FAE04EC0-301F-11D3-BF4B-00C04F79EFBC}") = "CaptureProcessorTests", "Framework\Framework.Tests\CaptureProcessorTests.csproj", "{33076040-45C8-47F4-88D8-E12B08996D5F}"
EndProject
Project("{FAE04EC0-301F-11D3-BF4B-00C04F79EFBC}") = "AnalyzerAppIdent.Tests", "GUI\Analyzers\AnalyzerAppIdent.Tests\AnalyzerAppIdent.Tests.csproj", "{B470E962-6F40-4AC3-8054-0D7255EEE34F}"
EndProject
Project("{FAE04EC0-301F-11D3-BF4B-00C04F79EFBC}") = "AppIdent.Tests", "Framework\ApplicationRecognizers\AppIdent.Tests\AppIdent.Tests.csproj", "{0D054B91-9B2F-4FEE-BB24-6839A96898F7}"
EndProject
Project("{FAE04EC0-301F-11D3-BF4B-00C04F79EFBC}") = "Netfox.Detective.Tests", "GUI\Detective.Tests\Netfox.Detective.Tests.csproj", "{DF612306-D4DD-4958-9323-0FDDA69B461A}"
EndProject
Project("{2150E333-8FDC-42A3-9474-1A3956D46DE8}") = "Common", "Common", "{CBC57F7C-AC97-4B27-B0BD-BE03DD5DE667}"
EndProject
Project("{FAE04EC0-301F-11D3-BF4B-00C04F79EFBC}") = "Persistence", "Common\Persistence\Persistence.csproj", "{3D0D8663-1838-43B2-BAE8-7F0029EDF9E2}"
EndProject
Project("{FAE04EC0-301F-11D3-BF4B-00C04F79EFBC}") = "ApplicationProtocolExport.Tests", "Framework\ApplicationProtocolExport.Tests\ApplicationProtocolExport.Tests.csproj", "{AA9D1FDD-266C-4172-8378-1F11F91092F5}"
EndProject
Project("{FAE04EC0-301F-11D3-BF4B-00C04F79EFBC}") = "NetfoxFrameworkAPI", "Framework\NetfoxFrameworkAPI\NetfoxFrameworkAPI.csproj", "{67297EA0-DF87-42DC-9F68-957C25568D36}"
EndProject
Project("{FAE04EC0-301F-11D3-BF4B-00C04F79EFBC}") = "NetfoxFrameworkAPI.Tests", "Framework\NetfoxFrameworkAPI.Tests\NetfoxFrameworkAPI.Tests.csproj", "{4B6086B8-0B57-4107-8E28-6B964AC507FD}"
EndProject
Project("{FAE04EC0-301F-11D3-BF4B-00C04F79EFBC}") = "ApplicationProtocolExport", "Framework\ApplicationProtocolExport\ApplicationProtocolExport.csproj", "{0BA2F363-66AF-4F36-9C96-5C30224A88DA}"
EndProject
Project("{FAE04EC0-301F-11D3-BF4B-00C04F79EFBC}") = "Logger", "Common\Logger\Logger.csproj", "{D819DA18-1461-46EA-9C21-F9D292336523}"
EndProject
Project("{FAE04EC0-301F-11D3-BF4B-00C04F79EFBC}") = "Core", "Common\Core\Core.csproj", "{75B3E6D5-8007-4E1F-8A92-1774A5B1D7F1}"
EndProject
Project("{FAE04EC0-301F-11D3-BF4B-00C04F79EFBC}") = "SnooperBTC.Tests", "Framework\Snoopers\SnooperBTC.Tests\SnooperBTC.Tests.csproj", "{E3164718-E29A-413A-8082-48049CA2DCA3}"
EndProject
Project("{FAE04EC0-301F-11D3-BF4B-00C04F79EFBC}") = "SnooperXchat.Tests", "Framework\Snoopers\SnooperXchat.Tests\SnooperXchat.Tests.csproj", "{9BA89C69-2A35-493D-9191-40FCE9F618A3}"
EndProject
Project("{FAE04EC0-301F-11D3-BF4B-00C04F79EFBC}") = "SnooperTwitter.Tests", "Framework\Snoopers\SnooperTwitter.Tests\SnooperTwitter.Tests.csproj", "{0FA6CCE7-42D4-47F1-8500-64AFE7D2ED7B}"
EndProject
Project("{FAE04EC0-301F-11D3-BF4B-00C04F79EFBC}") = "SnooperHTTP.Tests", "Framework\Snoopers\SnooperHTTP.Tests\SnooperHTTP.Tests.csproj", "{E14A7D9D-2F4A-4824-A816-6DCF887C5737}"
EndProject
Project("{FAE04EC0-301F-11D3-BF4B-00C04F79EFBC}") = "SnooperHangouts.Tests", "Framework\Snoopers\SnooperHangouts.Tests\SnooperHangouts.Tests.csproj", "{53B93E1B-59CF-458A-A787-1CBBF51D3C23}"
EndProject
Project("{FAE04EC0-301F-11D3-BF4B-00C04F79EFBC}") = "SnooperICQ.Tests", "Framework\Snoopers\SnooperICQ.Tests\SnooperICQ.Tests.csproj", "{349F1BD9-5ACB-4039-8A9D-97E47177B068}"
EndProject
Project("{FAE04EC0-301F-11D3-BF4B-00C04F79EFBC}") = "SnooperFacebook.Tests", "Framework\Snoopers\SnooperFacebook.Tests\SnooperFacebook.Tests.csproj", "{5E33247C-418A-4A7A-A2BC-78296B7DDE2A}"
EndProject
Project("{FAE04EC0-301F-11D3-BF4B-00C04F79EFBC}") = "SnooperFTP.Tests", "Framework\Snoopers\SnooperFTP.Tests\SnooperFTP.Tests.csproj", "{CF8465E9-A5C4-4C3A-AC2C-D899510399FA}"
EndProject
Project("{FAE04EC0-301F-11D3-BF4B-00C04F79EFBC}") = "SnooperIMAP.Tests", "Framework\Snoopers\SnooperIMAP.Tests\SnooperIMAP.Tests.csproj", "{5ACE8929-870F-449E-A325-599C30EC9E5D}"
EndProject
Project("{FAE04EC0-301F-11D3-BF4B-00C04F79EFBC}") = "SnooperMessenger.Tests", "Framework\Snoopers\SnooperMessenger.Tests\SnooperMessenger.Tests.csproj", "{194C4A5F-F88D-4A90-A17C-E00888D519FD}"
EndProject
Project("{FAE04EC0-301F-11D3-BF4B-00C04F79EFBC}") = "SnooperMinecraft.Tests", "Framework\Snoopers\SnooperMinecraft.Tests\SnooperMinecraft.Tests.csproj", "{7923AF04-9EDF-47CC-87EF-F0182856789A}"
EndProject
Project("{FAE04EC0-301F-11D3-BF4B-00C04F79EFBC}") = "SnooperMQTT.Tests", "Framework\Snoopers\SnooperMQTT.Tests\SnooperMQTT.Tests.csproj", "{FB67FE27-2F46-4650-A895-47FDF9F8B59C}"
EndProject
Project("{FAE04EC0-301F-11D3-BF4B-00C04F79EFBC}") = "SnooperPOP.Tests", "Framework\Snoopers\SnooperPOP.Tests\SnooperPOP.Tests.csproj", "{21C5A5D7-8019-4A96-A8C4-EA37BB61C454}"
EndProject
Project("{FAE04EC0-301F-11D3-BF4B-00C04F79EFBC}") = "SnooperRTP.Tests", "Framework\Snoopers\SnooperRTP.Tests\SnooperRTP.Tests.csproj", "{C1323956-570D-4AEB-9111-284CD714A05E}"
EndProject
Project("{FAE04EC0-301F-11D3-BF4B-00C04F79EFBC}") = "SnooperSIP.Tests", "Framework\Snoopers\SnooperSIP.Tests\SnooperSIP.Tests.csproj", "{61015C20-57AA-477B-812C-3441F889BE4C}"
EndProject
Project("{FAE04EC0-301F-11D3-BF4B-00C04F79EFBC}") = "SnooperSMTP.Tests", "Framework\Snoopers\SnooperSMTP.Tests\SnooperSMTP.Tests.csproj", "{B86208DC-0D12-4512-A5AE-3A585980D1FC}"
EndProject
Project("{FAE04EC0-301F-11D3-BF4B-00C04F79EFBC}") = "SnooperSPDY.Tests", "Framework\Snoopers\SnooperSPDY.Tests\SnooperSPDY.Tests.csproj", "{087F7F18-38CE-4270-99ED-5BB1FF13B3E3}"
EndProject
Project("{FAE04EC0-301F-11D3-BF4B-00C04F79EFBC}") = "SnooperWarcraft.Tests", "Framework\Snoopers\SnooperWarcraft.Tests\SnooperWarcraft.Tests.csproj", "{A5F68BF1-0B10-40F4-AEB8-E774AB8E1EC3}"
EndProject
Project("{FAE04EC0-301F-11D3-BF4B-00C04F79EFBC}") = "SnooperWebmails.Tests", "Framework\Snoopers\SnooperWebmails.Tests\SnooperWebmails.Tests.csproj", "{7AB53449-DDC5-48A2-9723-0EEF472CEABC}"
EndProject
Project("{FAE04EC0-301F-11D3-BF4B-00C04F79EFBC}") = "SnooperXMPP.Tests", "Framework\Snoopers\SnooperXMPP.Tests\SnooperXMPP.Tests.csproj", "{3C709AA2-76F1-4547-BA83-F25287ADB24C}"
EndProject
Project("{FAE04EC0-301F-11D3-BF4B-00C04F79EFBC}") = "SnooperMAFF", "Framework\Snoopers\SnooperMAFF\SnooperMAFF.csproj", "{97B93FD6-8D63-4D3D-B0E0-35C400948077}"
EndProject
Project("{FAE04EC0-301F-11D3-BF4B-00C04F79EFBC}") = "SnooperDNS", "Framework\Snoopers\SnooperDNS\SnooperDNS.csproj", "{4F50110F-8761-4B06-88F1-9D82DE8F53F9}"
EndProject
Project("{FAE04EC0-301F-11D3-BF4B-00C04F79EFBC}") = "SnooperDNS.Tests", "Framework\Snoopers\SnooperDNS.Tests\SnooperDNS.Tests.csproj", "{458B18EB-39BD-45BD-B9B4-81A0282B28F5}"
EndProject
Project("{FAE04EC0-301F-11D3-BF4B-00C04F79EFBC}") = "Persistence.Tests", "Common\Persistence.Tests\Persistence.Tests.csproj", "{7D1CA703-A671-43DE-99AF-0FE5DB160F3B}"
EndProject
Project("{FAE04EC0-301F-11D3-BF4B-00C04F79EFBC}") = "AppIdentCli", "Framework\ApplicationRecognizers\AppIdentCli\AppIdentCli.csproj", "{E174173D-F0A9-4DD0-A357-502369B99572}"
EndProject
Project("{FAE04EC0-301F-11D3-BF4B-00C04F79EFBC}") = "CorrelationMatrixChart", "Framework\ApplicationRecognizers\CorrelationMatrixChart\CorrelationMatrixChart.csproj", "{424185C7-91CD-43CB-A447-8A30AB0CBBF2}"
EndProject
Project("{FAE04EC0-301F-11D3-BF4B-00C04F79EFBC}") = "Core.Tests", "Common\Core.Tests\Core.Tests.csproj", "{9C9F3C69-5795-4BD4-B300-C2C28E2FF3BD}"
EndProject
Project("{FAE04EC0-301F-11D3-BF4B-00C04F79EFBC}") = "Spid.Tests", "Framework\ApplicationRecognizers\Spid.Tests\Spid.Tests.csproj", "{5E4F6195-77AE-40DB-BE68-FE526DDDFC1A}"
EndProject
Project("{FAE04EC0-301F-11D3-BF4B-00C04F79EFBC}") = "CaptureProcessor", "Framework\CaptureProcessor\CaptureProcessor.csproj", "{9E2CC171-3B0A-4498-9724-88256E38F716}"
EndProject
Project("{FAE04EC0-301F-11D3-BF4B-00C04F79EFBC}") = "Netfox.Detective", "GUI\Netfox.Detective\Netfox.Detective.csproj", "{9FB36484-9F8F-4B22-8A21-9F5E66318214}"
EndProject
Project("{FAE04EC0-301F-11D3-BF4B-00C04F79EFBC}") = "SnooperYMSG.Tests", "Framework\Snoopers\SnooperYMSG.Tests\SnooperYMSG.Tests.csproj", "{90709DF4-1809-414F-A951-0F8CCFB8996C}"
EndProject
Project("{2150E333-8FDC-42A3-9474-1A3956D46DE8}") = "VirtualizingObservableCollection", "VirtualizingObservableCollection", "{24556CFD-1363-4923-8A41-0848EF09FD6D}"
EndProject
Project("{2150E333-8FDC-42A3-9474-1A3956D46DE8}") = "Web", "Web", "{BD092968-01AD-44A8-A4DE-42066F7D1BC4}"
EndProject
Project("{9A19103F-16F7-4668-BE54-9A1E7A4F7556}") = "VirtualizingCollection", "Misc\VirtualizingObservableCollection\VirtualizingCollection\VirtualizingCollection.csproj", "{AC56D9D2-B06E-4003-96FB-798ADF255829}"
EndProject
Project("{FAE04EC0-301F-11D3-BF4B-00C04F79EFBC}") = "AnalyzerSIPFraud.Tests", "GUI\Analyzers\AnalyzerSIPFraud.Tests\AnalyzerSIPFraud.Tests.csproj", "{74BEF944-B36D-47EE-8C92-88BC3EF84FC3}"
EndProject
Project("{FAE04EC0-301F-11D3-BF4B-00C04F79EFBC}") = "SnooperHangouts.WPF", "Framework\Snoopers\SnooperHangouts.WPF\SnooperHangouts.WPF.csproj", "{6F2D2114-F65A-4E17-846C-78521F277A49}"
EndProject
Project("{FAE04EC0-301F-11D3-BF4B-00C04F79EFBC}") = "SnooperFTP.WPF", "Framework\Snoopers\SnooperFTP.WPF\SnooperFTP.WPF.csproj", "{BB0AF549-AF34-4389-9CA1-51C3037CDD11}"
EndProject
Project("{FAE04EC0-301F-11D3-BF4B-00C04F79EFBC}") = "SnooperFacebook.WPF", "Framework\Snoopers\SnooperFacebook.WPF\SnooperFacebook.WPF.csproj", "{EBCFD133-9576-456E-991B-81DED85E1606}"
EndProject
Project("{FAE04EC0-301F-11D3-BF4B-00C04F79EFBC}") = "SnooperDNS.WPF", "Framework\Snoopers\SnooperDNS.WPF\SnooperDNS.WPF.csproj", "{B602CB3C-FBAA-46F8-80C1-E18820259700}"
EndProject
Project("{FAE04EC0-301F-11D3-BF4B-00C04F79EFBC}") = "SnooperICQ.WPF", "Framework\Snoopers\SnooperICQ.WPF\SnooperICQ.WPF.csproj", "{24F5A8B4-90F9-4C0C-81A5-C0A36279357C}"
EndProject
Project("{FAE04EC0-301F-11D3-BF4B-00C04F79EFBC}") = "SnooperIMAP.WPF", "Framework\Snoopers\SnooperIMAP.WPF\SnooperIMAP.WPF.csproj", "{E8FE8BCC-8811-460A-88C4-86A02043B05B}"
EndProject
Project("{FAE04EC0-301F-11D3-BF4B-00C04F79EFBC}") = "SnooperMessenger.WPF", "Framework\Snoopers\SnooperMessenger.WPF\SnooperMessenger.WPF.csproj", "{01F86671-339E-4E32-B4F8-E83CEB52A3A3}"
EndProject
Project("{FAE04EC0-301F-11D3-BF4B-00C04F79EFBC}") = "SnooperMQTT.WPF", "Framework\Snoopers\SnooperMQTT.WPF\SnooperMQTT.WPF.csproj", "{D386FF82-9213-45A1-83FA-1C9FE003C57F}"
EndProject
Project("{FAE04EC0-301F-11D3-BF4B-00C04F79EFBC}") = "SnooperMinecraft.WPF", "Framework\Snoopers\SnooperMinecraft.WPF\SnooperMinecraft.WPF.csproj", "{65DAD418-AD86-4369-9EC2-6E90592B7DC1}"
EndProject
Project("{FAE04EC0-301F-11D3-BF4B-00C04F79EFBC}") = "SnooperPOP.WPF", "Framework\Snoopers\SnooperPOP.WPF\SnooperPOP.WPF.csproj", "{7820D4A8-1088-4F75-9E6A-8D34088CED31}"
EndProject
Project("{FAE04EC0-301F-11D3-BF4B-00C04F79EFBC}") = "SnooperRTP.WPF", "Framework\Snoopers\SnooperRTP.WPF\SnooperRTP.WPF.csproj", "{4E02127B-9E45-44F3-B2DE-5AC14E3E1C93}"
EndProject
Project("{FAE04EC0-301F-11D3-BF4B-00C04F79EFBC}") = "SnooperYMSG.WPF", "Framework\Snoopers\SnooperYMSG.WPF\SnooperYMSG.WPF.csproj", "{D16068CC-388F-4090-A05D-C62900DFDD65}"
EndProject
Project("{FAE04EC0-301F-11D3-BF4B-00C04F79EFBC}") = "SnooperXMPP.WPF", "Framework\Snoopers\SnooperXMPP.WPF\SnooperXMPP.WPF.csproj", "{D6FA86EE-1215-4EFD-9926-86208E1E6CD3}"
EndProject
Project("{FAE04EC0-301F-11D3-BF4B-00C04F79EFBC}") = "SnooperXchat.WPF", "Framework\Snoopers\SnooperXchat.WPF\SnooperXchat.WPF.csproj", "{8500C5C4-8E9D-401A-B0BF-E07C3D7BA98F}"
EndProject
Project("{FAE04EC0-301F-11D3-BF4B-00C04F79EFBC}") = "SnooperWebmails.WPF", "Framework\Snoopers\SnooperWebmails.WPF\SnooperWebmails.WPF.csproj", "{989547C7-8558-482C-A0FE-C40DA021C3C9}"
EndProject
Project("{FAE04EC0-301F-11D3-BF4B-00C04F79EFBC}") = "SnooperWarcraft.WPF", "Framework\Snoopers\SnooperWarcraft.WPF\SnooperWarcraft.WPF.csproj", "{89288A2E-54CE-4AA4-8293-80E38B999DA2}"
EndProject
Project("{FAE04EC0-301F-11D3-BF4B-00C04F79EFBC}") = "SnooperTwitter.WPF", "Framework\Snoopers\SnooperTwitter.WPF\SnooperTwitter.WPF.csproj", "{CC0FB45E-C8DE-4451-BBD1-7F9507F206B0}"
EndProject
Project("{FAE04EC0-301F-11D3-BF4B-00C04F79EFBC}") = "SnooperSMTP.WPF", "Framework\Snoopers\SnooperSMTP.WPF\SnooperSMTP.WPF.csproj", "{408DDDEF-8F94-4CED-B566-0BA4CBA24C78}"
EndProject
Project("{FAE04EC0-301F-11D3-BF4B-00C04F79EFBC}") = "SnooperSPDY.WPF", "Framework\Snoopers\SnooperSPDY.WPF\SnooperSPDY.WPF.csproj", "{76FC3812-2217-4B0D-9276-759595812FF4}"
EndProject
Project("{FAE04EC0-301F-11D3-BF4B-00C04F79EFBC}") = "SnooperSIP.WPF", "Framework\Snoopers\SnooperSIP.WPF\SnooperSIP.WPF.csproj", "{18E883D2-D56B-4512-B483-6A1463EB8F01}"
EndProject
Project("{FAE04EC0-301F-11D3-BF4B-00C04F79EFBC}") = "SnooperHTTP.WPF", "Framework\Snoopers\SnooperHTTP.WPF\SnooperHTTP.WPF.csproj", "{759BCE05-81A7-41E4-B2E6-76C4732042AF}"
EndProject
Project("{FAE04EC0-301F-11D3-BF4B-00C04F79EFBC}") = "SnooperMAFF.WPF", "Framework\Snoopers\SnooperMAFF.WPF\SnooperMAFF.WPF.csproj", "{073DF1BF-FCA7-4CFC-B935-BA4C956FFFEF}"
EndProject
Project("{FAE04EC0-301F-11D3-BF4B-00C04F79EFBC}") = "SnooperBTC.WPF", "Framework\Snoopers\SnooperBTC.WPF\SnooperBTC.WPF.csproj", "{54586949-EB5F-4E7A-803F-F7FA645EA893}"
EndProject
Project("{FAE04EC0-301F-11D3-BF4B-00C04F79EFBC}") = "SnooperFTP.WEB", "Framework\Snoopers\SnooperFTP.WEB\SnooperFTP.WEB.csproj", "{8D39C771-5B3E-4F9A-A917-B1BA67676AEA}"
EndProject
Project("{FAE04EC0-301F-11D3-BF4B-00C04F79EFBC}") = "SnooperBTC.WEB", "Framework\Snoopers\SnooperBTC.WEB\SnooperBTC.WEB.csproj", "{1A342300-532E-44A8-A55D-09ABABF555A7}"
EndProject
Project("{FAE04EC0-301F-11D3-BF4B-00C04F79EFBC}") = "SnooperDNS.WEB", "Framework\Snoopers\SnooperDNS.WEB\SnooperDNS.WEB.csproj", "{D5EB8AB8-D72C-4566-8B7E-16DD9E182633}"
EndProject
Project("{FAE04EC0-301F-11D3-BF4B-00C04F79EFBC}") = "SnooperFacebook.WEB", "Framework\Snoopers\SnooperFacebook.WEB\SnooperFacebook.WEB.csproj", "{2A3AADE4-7AAD-4430-8AE2-5C8D2BF33F2F}"
EndProject
Project("{FAE04EC0-301F-11D3-BF4B-00C04F79EFBC}") = "SnooperHangouts.WEB", "Framework\Snoopers\SnooperHangouts.WEB\SnooperHangouts.WEB.csproj", "{57D3661E-0875-4A5F-92F9-118E0196A542}"
EndProject
Project("{FAE04EC0-301F-11D3-BF4B-00C04F79EFBC}") = "SnooperHTTP.WEB", "Framework\Snoopers\SnooperHTTP.WEB\SnooperHTTP.WEB.csproj", "{3997139E-3227-40B5-A893-E16D08D3E53B}"
EndProject
Project("{FAE04EC0-301F-11D3-BF4B-00C04F79EFBC}") = "SnooperICQ.WEB", "Framework\Snoopers\SnooperICQ.WEB\SnooperICQ.WEB.csproj", "{E4583D98-98EC-423E-AA35-8CB6A5344857}"
EndProject
Project("{FAE04EC0-301F-11D3-BF4B-00C04F79EFBC}") = "SnooperIMAP.WEB", "Framework\Snoopers\SnooperIMAP.WEB\SnooperIMAP.WEB.csproj", "{234F4122-7BE6-4DDE-8D85-FAC6095174D5}"
EndProject
Project("{FAE04EC0-301F-11D3-BF4B-00C04F79EFBC}") = "SnooperMAFF.WEB", "Framework\Snoopers\SnooperMAFF.WEB\SnooperMAFF.WEB.csproj", "{457C0458-6139-4858-9704-D8C1ADCAF9B8}"
EndProject
Project("{FAE04EC0-301F-11D3-BF4B-00C04F79EFBC}") = "SnooperMessenger.WEB", "Framework\Snoopers\SnooperMessenger.WEB\SnooperMessenger.WEB.csproj", "{A8CBBEF9-27CD-4CC3-A8E5-084BCBF9A83A}"
EndProject
Project("{FAE04EC0-301F-11D3-BF4B-00C04F79EFBC}") = "SnooperMinecraft.WEB", "Framework\Snoopers\SnooperMinecraft.WEB\SnooperMinecraft.WEB.csproj", "{F2EA88E9-5635-4967-810F-9B0D7B78A70E}"
EndProject
Project("{FAE04EC0-301F-11D3-BF4B-00C04F79EFBC}") = "SnooperMQTT.WEB", "Framework\Snoopers\SnooperMQTT.WEB\SnooperMQTT.WEB.csproj", "{1299F732-0994-49AC-8D71-1A7A82AF9C87}"
EndProject
Project("{FAE04EC0-301F-11D3-BF4B-00C04F79EFBC}") = "SnooperPOP.WEB", "Framework\Snoopers\SnooperPOP.WEB\SnooperPOP.WEB.csproj", "{C6CA8C54-C5AF-4BDF-B23D-1AFE0ACEB812}"
EndProject
Project("{FAE04EC0-301F-11D3-BF4B-00C04F79EFBC}") = "SnooperRTP.WEB", "Framework\Snoopers\SnooperRTP.WEB\SnooperRTP.WEB.csproj", "{FEDF13F8-4774-4C2A-9E40-3A5347F059FA}"
EndProject
Project("{FAE04EC0-301F-11D3-BF4B-00C04F79EFBC}") = "SnooperSIP.WEB", "Framework\Snoopers\SnooperSIP.WEB\SnooperSIP.WEB.csproj", "{40DFE713-AB33-4970-8B7C-E88C52DA2D96}"
EndProject
Project("{FAE04EC0-301F-11D3-BF4B-00C04F79EFBC}") = "SnooperSMTP.WEB", "Framework\Snoopers\SnooperSMTP.WEB\SnooperSMTP.WEB.csproj", "{E477ECF4-5862-482B-82CB-B0C5166C10FF}"
EndProject
Project("{FAE04EC0-301F-11D3-BF4B-00C04F79EFBC}") = "SnooperSPDY.WEB", "Framework\Snoopers\SnooperSPDY.WEB\SnooperSPDY.WEB.csproj", "{B156BE4E-861A-4439-8DE5-6A68EBDA82DB}"
EndProject
Project("{FAE04EC0-301F-11D3-BF4B-00C04F79EFBC}") = "SnooperTwitter.WEB", "Framework\Snoopers\SnooperTwitter.WEB\SnooperTwitter.WEB.csproj", "{175E4A61-7ECA-4E21-A244-34BCFD8D0D58}"
EndProject
Project("{FAE04EC0-301F-11D3-BF4B-00C04F79EFBC}") = "SnooperWarcraft.WEB", "Framework\Snoopers\SnooperWarcraft.WEB\SnooperWarcraft.WEB.csproj", "{65C1633F-47CD-4036-8739-2EAEF3E0B363}"
EndProject
Project("{FAE04EC0-301F-11D3-BF4B-00C04F79EFBC}") = "SnooperWebmails.WEB", "Framework\Snoopers\SnooperWebmails.WEB\SnooperWebmails.WEB.csproj", "{04BA54B3-0D6D-4EFB-8B7C-D578A89787FE}"
EndProject
Project("{FAE04EC0-301F-11D3-BF4B-00C04F79EFBC}") = "SnooperXMPP.WEB", "Framework\Snoopers\SnooperXMPP.WEB\SnooperXMPP.WEB.csproj", "{5B2010C5-245F-493E-8A45-0D29E7C8437D}"
EndProject
Project("{FAE04EC0-301F-11D3-BF4B-00C04F79EFBC}") = "SnooperXchat.WEB", "Framework\Snoopers\SnooperXchat.WEB\SnooperXchat.WEB.csproj", "{5A0B1A45-AF62-443C-A1CD-C337CE816574}"
EndProject
Project("{FAE04EC0-301F-11D3-BF4B-00C04F79EFBC}") = "SnooperYMSG.WEB", "Framework\Snoopers\SnooperYMSG.WEB\SnooperYMSG.WEB.csproj", "{EB32414C-9FD0-42DB-8267-B98809CC551A}"
EndProject
Project("{FAE04EC0-301F-11D3-BF4B-00C04F79EFBC}") = "Netfox.Web.Tests", "Web\Netfox.Web.Tests\Netfox.Web.Tests.csproj", "{76F01E53-8DB7-4642-AC9D-2CC2D2C89B5E}"
EndProject
Project("{FAE04EC0-301F-11D3-BF4B-00C04F79EFBC}") = "Netfox.Web.App", "Web\Netfox.Web.App\Netfox.Web.App.csproj", "{7B2933E5-1744-4673-8727-B3C3406D4C24}"
EndProject
Project("{FAE04EC0-301F-11D3-BF4B-00C04F79EFBC}") = "Netfox.Web.BL", "Web\Netfox.Web.BL\Netfox.Web.BL.csproj", "{7AC74F27-BDB5-4DE7-8A88-C33EE5E5ED28}"
EndProject
Project("{FAE04EC0-301F-11D3-BF4B-00C04F79EFBC}") = "Netfox.Web.DAL", "Web\Netfox.Web.DAL\Netfox.Web.DAL.csproj", "{5C15DEAA-A406-40E0-A5D1-16A1D1FECB20}"
EndProject
Project("{E53339B2-1760-4266-BCC7-CA923CBCF16C}") = "Netfox.Web.Docker", "Netfox.Web.Docker.dcproj", "{F89DCC14-BD4D-4933-A0FF-10CA770338EB}"
EndProject
Global
	GlobalSection(SolutionConfigurationPlatforms) = preSolution
		Debug|x64 = Debug|x64
		Release|x64 = Release|x64
	EndGlobalSection
	GlobalSection(ProjectConfigurationPlatforms) = postSolution
		{55ABBA4C-AAF9-4726-A592-0C92436CEC92}.Debug|x64.ActiveCfg = Debug|x64
		{55ABBA4C-AAF9-4726-A592-0C92436CEC92}.Debug|x64.Build.0 = Debug|x64
		{55ABBA4C-AAF9-4726-A592-0C92436CEC92}.Release|x64.ActiveCfg = Release|x64
		{55ABBA4C-AAF9-4726-A592-0C92436CEC92}.Release|x64.Build.0 = Release|x64
		{85B750E0-FD7C-4D8C-8BE0-8162E4DCB92E}.Debug|x64.ActiveCfg = Debug|x64
		{85B750E0-FD7C-4D8C-8BE0-8162E4DCB92E}.Debug|x64.Build.0 = Debug|x64
		{85B750E0-FD7C-4D8C-8BE0-8162E4DCB92E}.Release|x64.ActiveCfg = Release|x64
		{85B750E0-FD7C-4D8C-8BE0-8162E4DCB92E}.Release|x64.Build.0 = Release|x64
		{AE511769-EB8A-41DE-B52E-22EDDC94D03A}.Debug|x64.ActiveCfg = Debug|x64
		{AE511769-EB8A-41DE-B52E-22EDDC94D03A}.Debug|x64.Build.0 = Debug|x64
		{AE511769-EB8A-41DE-B52E-22EDDC94D03A}.Release|x64.ActiveCfg = Release|x64
		{AE511769-EB8A-41DE-B52E-22EDDC94D03A}.Release|x64.Build.0 = Release|x64
		{4206E14C-6963-42E6-9530-5088EB2BD729}.Debug|x64.ActiveCfg = Debug|x64
		{4206E14C-6963-42E6-9530-5088EB2BD729}.Debug|x64.Build.0 = Debug|x64
		{4206E14C-6963-42E6-9530-5088EB2BD729}.Release|x64.ActiveCfg = Release|x64
		{4206E14C-6963-42E6-9530-5088EB2BD729}.Release|x64.Build.0 = Release|x64
		{C47042DB-C816-42FF-AC04-C837A3B4C90E}.Debug|x64.ActiveCfg = Debug|x64
		{C47042DB-C816-42FF-AC04-C837A3B4C90E}.Debug|x64.Build.0 = Debug|x64
		{C47042DB-C816-42FF-AC04-C837A3B4C90E}.Release|x64.ActiveCfg = Release|x64
		{C47042DB-C816-42FF-AC04-C837A3B4C90E}.Release|x64.Build.0 = Release|x64
		{64165ACF-7ABC-4265-9475-D43DCBF0D61D}.Debug|x64.ActiveCfg = Debug|x64
		{64165ACF-7ABC-4265-9475-D43DCBF0D61D}.Debug|x64.Build.0 = Debug|x64
		{64165ACF-7ABC-4265-9475-D43DCBF0D61D}.Release|x64.ActiveCfg = Release|x64
		{64165ACF-7ABC-4265-9475-D43DCBF0D61D}.Release|x64.Build.0 = Release|x64
		{FF8172EB-910D-4F61-915C-22E0CC5D844B}.Debug|x64.ActiveCfg = Debug|x64
		{FF8172EB-910D-4F61-915C-22E0CC5D844B}.Debug|x64.Build.0 = Debug|x64
		{FF8172EB-910D-4F61-915C-22E0CC5D844B}.Release|x64.ActiveCfg = Release|x64
		{FF8172EB-910D-4F61-915C-22E0CC5D844B}.Release|x64.Build.0 = Release|x64
		{62154CD7-E650-4A5B-BC38-A4F0868DB916}.Debug|x64.ActiveCfg = Debug|x64
		{62154CD7-E650-4A5B-BC38-A4F0868DB916}.Debug|x64.Build.0 = Debug|x64
		{62154CD7-E650-4A5B-BC38-A4F0868DB916}.Release|x64.ActiveCfg = Release|x64
		{62154CD7-E650-4A5B-BC38-A4F0868DB916}.Release|x64.Build.0 = Release|x64
		{754AB365-F70D-46B5-BD91-9BCCB97F4E11}.Debug|x64.ActiveCfg = Debug|x64
		{754AB365-F70D-46B5-BD91-9BCCB97F4E11}.Debug|x64.Build.0 = Debug|x64
		{754AB365-F70D-46B5-BD91-9BCCB97F4E11}.Release|x64.ActiveCfg = Release|x64
		{754AB365-F70D-46B5-BD91-9BCCB97F4E11}.Release|x64.Build.0 = Release|x64
		{61029379-D416-4556-8CE7-361C06917E4E}.Debug|x64.ActiveCfg = Debug|x64
		{61029379-D416-4556-8CE7-361C06917E4E}.Debug|x64.Build.0 = Debug|x64
		{61029379-D416-4556-8CE7-361C06917E4E}.Release|x64.ActiveCfg = Release|x64
		{61029379-D416-4556-8CE7-361C06917E4E}.Release|x64.Build.0 = Release|x64
		{1925B894-FC4B-42CD-B571-56568F752826}.Debug|x64.ActiveCfg = Debug|x64
		{1925B894-FC4B-42CD-B571-56568F752826}.Debug|x64.Build.0 = Debug|x64
		{1925B894-FC4B-42CD-B571-56568F752826}.Release|x64.ActiveCfg = Release|x64
		{1925B894-FC4B-42CD-B571-56568F752826}.Release|x64.Build.0 = Release|x64
		{EECB6397-E0BF-43A6-A577-6F6A4DD66D1E}.Debug|x64.ActiveCfg = Debug|x64
		{EECB6397-E0BF-43A6-A577-6F6A4DD66D1E}.Debug|x64.Build.0 = Debug|x64
		{EECB6397-E0BF-43A6-A577-6F6A4DD66D1E}.Release|x64.ActiveCfg = Release|x64
		{EECB6397-E0BF-43A6-A577-6F6A4DD66D1E}.Release|x64.Build.0 = Release|x64
		{0EA4EEBF-E7B9-4A10-B55C-AD6B9C811499}.Debug|x64.ActiveCfg = Debug|x64
		{0EA4EEBF-E7B9-4A10-B55C-AD6B9C811499}.Debug|x64.Build.0 = Debug|x64
		{0EA4EEBF-E7B9-4A10-B55C-AD6B9C811499}.Release|x64.ActiveCfg = Release|x64
		{0EA4EEBF-E7B9-4A10-B55C-AD6B9C811499}.Release|x64.Build.0 = Release|x64
		{A8CEE9A5-A37D-45D4-BB24-FE877395A786}.Debug|x64.ActiveCfg = Debug|x64
		{A8CEE9A5-A37D-45D4-BB24-FE877395A786}.Debug|x64.Build.0 = Debug|x64
		{A8CEE9A5-A37D-45D4-BB24-FE877395A786}.Release|x64.ActiveCfg = Release|x64
		{A8CEE9A5-A37D-45D4-BB24-FE877395A786}.Release|x64.Build.0 = Release|x64
		{90F96222-1C39-4A19-ABE8-1B00FB330985}.Debug|x64.ActiveCfg = Debug|x64
		{90F96222-1C39-4A19-ABE8-1B00FB330985}.Debug|x64.Build.0 = Debug|x64
		{90F96222-1C39-4A19-ABE8-1B00FB330985}.Release|x64.ActiveCfg = Release|x64
		{90F96222-1C39-4A19-ABE8-1B00FB330985}.Release|x64.Build.0 = Release|x64
		{D8B506F0-90C6-4BF0-A07A-9B0212A3512F}.Debug|x64.ActiveCfg = Debug|x64
		{D8B506F0-90C6-4BF0-A07A-9B0212A3512F}.Debug|x64.Build.0 = Debug|x64
		{D8B506F0-90C6-4BF0-A07A-9B0212A3512F}.Release|x64.ActiveCfg = Release|x64
		{D8B506F0-90C6-4BF0-A07A-9B0212A3512F}.Release|x64.Build.0 = Release|x64
		{C1CBE785-FE24-4BEF-A97B-676A717ADA23}.Debug|x64.ActiveCfg = Debug|x64
		{C1CBE785-FE24-4BEF-A97B-676A717ADA23}.Debug|x64.Build.0 = Debug|x64
		{C1CBE785-FE24-4BEF-A97B-676A717ADA23}.Release|x64.ActiveCfg = Release|x64
		{C1CBE785-FE24-4BEF-A97B-676A717ADA23}.Release|x64.Build.0 = Release|x64
		{404F6661-5DFD-4B69-A3FF-61BF2497A571}.Debug|x64.ActiveCfg = Debug|x64
		{404F6661-5DFD-4B69-A3FF-61BF2497A571}.Debug|x64.Build.0 = Debug|x64
		{404F6661-5DFD-4B69-A3FF-61BF2497A571}.Release|x64.ActiveCfg = Release|x64
		{404F6661-5DFD-4B69-A3FF-61BF2497A571}.Release|x64.Build.0 = Release|x64
		{903908E6-2302-4E4F-B5C4-1FD85BDC4FCE}.Debug|x64.ActiveCfg = Debug|x64
		{903908E6-2302-4E4F-B5C4-1FD85BDC4FCE}.Debug|x64.Build.0 = Debug|x64
		{903908E6-2302-4E4F-B5C4-1FD85BDC4FCE}.Release|x64.ActiveCfg = Release|x64
		{903908E6-2302-4E4F-B5C4-1FD85BDC4FCE}.Release|x64.Build.0 = Release|x64
		{C3211BAC-13F0-42A7-924C-34BB0EE77914}.Debug|x64.ActiveCfg = Debug|x64
		{C3211BAC-13F0-42A7-924C-34BB0EE77914}.Debug|x64.Build.0 = Debug|x64
		{C3211BAC-13F0-42A7-924C-34BB0EE77914}.Release|x64.ActiveCfg = Release|x64
		{C3211BAC-13F0-42A7-924C-34BB0EE77914}.Release|x64.Build.0 = Release|x64
		{E48AB221-FB79-4F22-9641-3C283F44F1C7}.Debug|x64.ActiveCfg = Debug|x64
		{E48AB221-FB79-4F22-9641-3C283F44F1C7}.Debug|x64.Build.0 = Debug|x64
		{E48AB221-FB79-4F22-9641-3C283F44F1C7}.Release|x64.ActiveCfg = Release|x64
		{E48AB221-FB79-4F22-9641-3C283F44F1C7}.Release|x64.Build.0 = Release|x64
		{20B90CC0-1DC1-4154-8434-A16B9B902FC4}.Debug|x64.ActiveCfg = Debug|x64
		{20B90CC0-1DC1-4154-8434-A16B9B902FC4}.Debug|x64.Build.0 = Debug|x64
		{20B90CC0-1DC1-4154-8434-A16B9B902FC4}.Release|x64.ActiveCfg = Release|x64
		{20B90CC0-1DC1-4154-8434-A16B9B902FC4}.Release|x64.Build.0 = Release|x64
		{8BCCBC7B-9F9F-491A-8778-88EF6D2A279C}.Debug|x64.ActiveCfg = Debug|x64
		{8BCCBC7B-9F9F-491A-8778-88EF6D2A279C}.Debug|x64.Build.0 = Debug|x64
		{8BCCBC7B-9F9F-491A-8778-88EF6D2A279C}.Release|x64.ActiveCfg = Release|x64
		{8BCCBC7B-9F9F-491A-8778-88EF6D2A279C}.Release|x64.Build.0 = Release|x64
		{615EBC87-9694-4311-A526-FFBE2B556B8C}.Debug|x64.ActiveCfg = Debug|x64
		{615EBC87-9694-4311-A526-FFBE2B556B8C}.Debug|x64.Build.0 = Debug|x64
		{615EBC87-9694-4311-A526-FFBE2B556B8C}.Debug|x64.Deploy.0 = Debug|x64
		{615EBC87-9694-4311-A526-FFBE2B556B8C}.Release|x64.ActiveCfg = Release|x64
		{615EBC87-9694-4311-A526-FFBE2B556B8C}.Release|x64.Build.0 = Release|x64
		{8467EA96-E468-4EAE-BA4B-24458F9548D6}.Debug|x64.ActiveCfg = Debug|x64
		{8467EA96-E468-4EAE-BA4B-24458F9548D6}.Debug|x64.Build.0 = Debug|x64
		{8467EA96-E468-4EAE-BA4B-24458F9548D6}.Release|x64.ActiveCfg = Release|x64
		{8467EA96-E468-4EAE-BA4B-24458F9548D6}.Release|x64.Build.0 = Release|x64
		{1E69C5AE-9589-4A00-A2B5-E80D84A46928}.Debug|x64.ActiveCfg = Debug|x64
		{1E69C5AE-9589-4A00-A2B5-E80D84A46928}.Debug|x64.Build.0 = Debug|x64
		{1E69C5AE-9589-4A00-A2B5-E80D84A46928}.Release|x64.ActiveCfg = Release|x64
		{1E69C5AE-9589-4A00-A2B5-E80D84A46928}.Release|x64.Build.0 = Release|x64
		{C070B724-DC4D-45BB-9D0D-4906D7B17DD7}.Debug|x64.ActiveCfg = Debug|x64
		{C070B724-DC4D-45BB-9D0D-4906D7B17DD7}.Debug|x64.Build.0 = Debug|x64
		{C070B724-DC4D-45BB-9D0D-4906D7B17DD7}.Release|x64.ActiveCfg = Release|x64
		{C070B724-DC4D-45BB-9D0D-4906D7B17DD7}.Release|x64.Build.0 = Release|x64
		{9AD26879-6DAC-43D7-B897-66EE39784607}.Debug|x64.ActiveCfg = Debug|x64
		{9AD26879-6DAC-43D7-B897-66EE39784607}.Debug|x64.Build.0 = Debug|x64
		{9AD26879-6DAC-43D7-B897-66EE39784607}.Release|x64.ActiveCfg = Release|x64
		{9AD26879-6DAC-43D7-B897-66EE39784607}.Release|x64.Build.0 = Release|x64
		{0C89B7A2-A218-49E4-B545-5B044A45F977}.Debug|x64.ActiveCfg = Debug|x64
		{0C89B7A2-A218-49E4-B545-5B044A45F977}.Debug|x64.Build.0 = Debug|x64
		{0C89B7A2-A218-49E4-B545-5B044A45F977}.Release|x64.ActiveCfg = Release|x64
		{0C89B7A2-A218-49E4-B545-5B044A45F977}.Release|x64.Build.0 = Release|x64
		{499EB63C-D74C-47E8-AE48-A2FC94538E9D}.Debug|x64.ActiveCfg = Debug|x64
		{499EB63C-D74C-47E8-AE48-A2FC94538E9D}.Debug|x64.Build.0 = Debug|x64
		{499EB63C-D74C-47E8-AE48-A2FC94538E9D}.Release|x64.ActiveCfg = Release|x64
		{499EB63C-D74C-47E8-AE48-A2FC94538E9D}.Release|x64.Build.0 = Release|x64
		{0F86FF86-528A-416C-860B-11F58C464423}.Debug|x64.ActiveCfg = Debug|x64
		{0F86FF86-528A-416C-860B-11F58C464423}.Release|x64.ActiveCfg = Release|x64
		{11022B54-2310-42AA-B80F-660733243406}.Debug|x64.ActiveCfg = Debug|x64
		{11022B54-2310-42AA-B80F-660733243406}.Debug|x64.Build.0 = Debug|x64
		{11022B54-2310-42AA-B80F-660733243406}.Release|x64.ActiveCfg = Release|x64
		{11022B54-2310-42AA-B80F-660733243406}.Release|x64.Build.0 = Release|x64
		{C6EBD1E6-5744-4FB0-A223-FD0D0A23B985}.Debug|x64.ActiveCfg = Debug|x64
		{C6EBD1E6-5744-4FB0-A223-FD0D0A23B985}.Debug|x64.Build.0 = Debug|x64
		{C6EBD1E6-5744-4FB0-A223-FD0D0A23B985}.Release|x64.ActiveCfg = Release|x64
		{C6EBD1E6-5744-4FB0-A223-FD0D0A23B985}.Release|x64.Build.0 = Release|x64
		{DB3A0100-6A06-45E8-95BE-7EB23C2FD4E1}.Debug|x64.ActiveCfg = Debug|x64
		{DB3A0100-6A06-45E8-95BE-7EB23C2FD4E1}.Debug|x64.Build.0 = Debug|x64
		{DB3A0100-6A06-45E8-95BE-7EB23C2FD4E1}.Release|x64.ActiveCfg = Release|x64
		{DB3A0100-6A06-45E8-95BE-7EB23C2FD4E1}.Release|x64.Build.0 = Release|x64
		{77318C22-A8D3-4C62-B843-53C7725E7F01}.Debug|x64.ActiveCfg = Debug|x64
		{77318C22-A8D3-4C62-B843-53C7725E7F01}.Debug|x64.Build.0 = Debug|x64
		{77318C22-A8D3-4C62-B843-53C7725E7F01}.Release|x64.ActiveCfg = Release|x64
		{77318C22-A8D3-4C62-B843-53C7725E7F01}.Release|x64.Build.0 = Release|x64
		{5613CE65-51D2-49E5-BA0D-7CB5D8CB94D9}.Debug|x64.ActiveCfg = Debug|x64
		{5613CE65-51D2-49E5-BA0D-7CB5D8CB94D9}.Debug|x64.Build.0 = Debug|x64
		{5613CE65-51D2-49E5-BA0D-7CB5D8CB94D9}.Release|x64.ActiveCfg = Release|x64
		{5613CE65-51D2-49E5-BA0D-7CB5D8CB94D9}.Release|x64.Build.0 = Release|x64
		{7D789E8A-9570-4C7A-A224-877C4BBF151E}.Debug|x64.ActiveCfg = Debug|x64
		{7D789E8A-9570-4C7A-A224-877C4BBF151E}.Debug|x64.Build.0 = Debug|x64
		{7D789E8A-9570-4C7A-A224-877C4BBF151E}.Release|x64.ActiveCfg = Release|x64
		{7D789E8A-9570-4C7A-A224-877C4BBF151E}.Release|x64.Build.0 = Release|x64
		{524998D9-4E6E-4450-B5BD-22A4909D73BD}.Debug|x64.ActiveCfg = Debug|x64
		{524998D9-4E6E-4450-B5BD-22A4909D73BD}.Debug|x64.Build.0 = Debug|x64
		{524998D9-4E6E-4450-B5BD-22A4909D73BD}.Release|x64.ActiveCfg = Release|x64
		{524998D9-4E6E-4450-B5BD-22A4909D73BD}.Release|x64.Build.0 = Release|x64
		{0639F5B8-BA51-4EFB-AF76-D1C3BDBF81DF}.Debug|x64.ActiveCfg = Debug|x64
		{0639F5B8-BA51-4EFB-AF76-D1C3BDBF81DF}.Debug|x64.Build.0 = Debug|x64
		{0639F5B8-BA51-4EFB-AF76-D1C3BDBF81DF}.Release|x64.ActiveCfg = Release|x64
		{0639F5B8-BA51-4EFB-AF76-D1C3BDBF81DF}.Release|x64.Build.0 = Release|x64
		{01AE9AA9-4A3C-4C5E-988C-4A0CD95B184E}.Debug|x64.ActiveCfg = Debug|x64
		{01AE9AA9-4A3C-4C5E-988C-4A0CD95B184E}.Debug|x64.Build.0 = Debug|x64
		{01AE9AA9-4A3C-4C5E-988C-4A0CD95B184E}.Release|x64.ActiveCfg = Release|x64
		{01AE9AA9-4A3C-4C5E-988C-4A0CD95B184E}.Release|x64.Build.0 = Release|x64
		{72D63EB4-4A7A-448C-A9E0-120D7F539706}.Debug|x64.ActiveCfg = Debug|x64
		{72D63EB4-4A7A-448C-A9E0-120D7F539706}.Debug|x64.Build.0 = Debug|x64
		{72D63EB4-4A7A-448C-A9E0-120D7F539706}.Release|x64.ActiveCfg = Release|x64
		{72D63EB4-4A7A-448C-A9E0-120D7F539706}.Release|x64.Build.0 = Release|x64
		{B353B71F-92DB-4A08-A7D3-56E52F09FAB4}.Debug|x64.ActiveCfg = Debug|x64
		{B353B71F-92DB-4A08-A7D3-56E52F09FAB4}.Debug|x64.Build.0 = Debug|x64
		{B353B71F-92DB-4A08-A7D3-56E52F09FAB4}.Release|x64.ActiveCfg = Release|x64
		{B353B71F-92DB-4A08-A7D3-56E52F09FAB4}.Release|x64.Build.0 = Release|x64
		{0BE26A15-9E63-4B43-A78D-E08E54198193}.Debug|x64.ActiveCfg = Debug|x64
		{0BE26A15-9E63-4B43-A78D-E08E54198193}.Debug|x64.Build.0 = Debug|x64
		{0BE26A15-9E63-4B43-A78D-E08E54198193}.Release|x64.ActiveCfg = Release|x64
		{0BE26A15-9E63-4B43-A78D-E08E54198193}.Release|x64.Build.0 = Release|x64
		{168DD262-C4DB-49E8-BF62-BFDD3B6DA41E}.Debug|x64.ActiveCfg = Debug|x64
		{168DD262-C4DB-49E8-BF62-BFDD3B6DA41E}.Debug|x64.Build.0 = Debug|x64
		{168DD262-C4DB-49E8-BF62-BFDD3B6DA41E}.Release|x64.ActiveCfg = Release|x64
		{168DD262-C4DB-49E8-BF62-BFDD3B6DA41E}.Release|x64.Build.0 = Release|x64
		{BC13B004-21FE-4A7A-8B8B-728E4A9CEC67}.Debug|x64.ActiveCfg = Debug|x64
		{BC13B004-21FE-4A7A-8B8B-728E4A9CEC67}.Debug|x64.Build.0 = Debug|x64
		{BC13B004-21FE-4A7A-8B8B-728E4A9CEC67}.Release|x64.ActiveCfg = Release|x64
		{BC13B004-21FE-4A7A-8B8B-728E4A9CEC67}.Release|x64.Build.0 = Release|x64
		{33076040-45C8-47F4-88D8-E12B08996D5F}.Debug|x64.ActiveCfg = Debug|x64
		{33076040-45C8-47F4-88D8-E12B08996D5F}.Debug|x64.Build.0 = Debug|x64
		{33076040-45C8-47F4-88D8-E12B08996D5F}.Release|x64.ActiveCfg = Release|x64
		{33076040-45C8-47F4-88D8-E12B08996D5F}.Release|x64.Build.0 = Release|x64
		{B470E962-6F40-4AC3-8054-0D7255EEE34F}.Debug|x64.ActiveCfg = Debug|x64
		{B470E962-6F40-4AC3-8054-0D7255EEE34F}.Debug|x64.Build.0 = Debug|x64
		{B470E962-6F40-4AC3-8054-0D7255EEE34F}.Release|x64.ActiveCfg = Release|x64
		{B470E962-6F40-4AC3-8054-0D7255EEE34F}.Release|x64.Build.0 = Release|x64
		{0D054B91-9B2F-4FEE-BB24-6839A96898F7}.Debug|x64.ActiveCfg = Debug|x64
		{0D054B91-9B2F-4FEE-BB24-6839A96898F7}.Debug|x64.Build.0 = Debug|x64
		{0D054B91-9B2F-4FEE-BB24-6839A96898F7}.Release|x64.ActiveCfg = Release|x64
		{0D054B91-9B2F-4FEE-BB24-6839A96898F7}.Release|x64.Build.0 = Release|x64
		{DF612306-D4DD-4958-9323-0FDDA69B461A}.Debug|x64.ActiveCfg = Debug|x64
		{DF612306-D4DD-4958-9323-0FDDA69B461A}.Debug|x64.Build.0 = Debug|x64
		{DF612306-D4DD-4958-9323-0FDDA69B461A}.Release|x64.ActiveCfg = Release|x64
		{DF612306-D4DD-4958-9323-0FDDA69B461A}.Release|x64.Build.0 = Release|x64
		{3D0D8663-1838-43B2-BAE8-7F0029EDF9E2}.Debug|x64.ActiveCfg = Debug|x64
		{3D0D8663-1838-43B2-BAE8-7F0029EDF9E2}.Debug|x64.Build.0 = Debug|x64
		{3D0D8663-1838-43B2-BAE8-7F0029EDF9E2}.Release|x64.ActiveCfg = Release|x64
		{3D0D8663-1838-43B2-BAE8-7F0029EDF9E2}.Release|x64.Build.0 = Release|x64
		{AA9D1FDD-266C-4172-8378-1F11F91092F5}.Debug|x64.ActiveCfg = Debug|x64
		{AA9D1FDD-266C-4172-8378-1F11F91092F5}.Debug|x64.Build.0 = Debug|x64
		{AA9D1FDD-266C-4172-8378-1F11F91092F5}.Release|x64.ActiveCfg = Release|x64
		{AA9D1FDD-266C-4172-8378-1F11F91092F5}.Release|x64.Build.0 = Release|x64
		{67297EA0-DF87-42DC-9F68-957C25568D36}.Debug|x64.ActiveCfg = Debug|x64
		{67297EA0-DF87-42DC-9F68-957C25568D36}.Debug|x64.Build.0 = Debug|x64
		{67297EA0-DF87-42DC-9F68-957C25568D36}.Release|x64.ActiveCfg = Release|x64
		{67297EA0-DF87-42DC-9F68-957C25568D36}.Release|x64.Build.0 = Release|x64
		{4B6086B8-0B57-4107-8E28-6B964AC507FD}.Debug|x64.ActiveCfg = Debug|x64
		{4B6086B8-0B57-4107-8E28-6B964AC507FD}.Debug|x64.Build.0 = Debug|x64
		{4B6086B8-0B57-4107-8E28-6B964AC507FD}.Release|x64.ActiveCfg = Release|x64
		{4B6086B8-0B57-4107-8E28-6B964AC507FD}.Release|x64.Build.0 = Release|x64
		{0BA2F363-66AF-4F36-9C96-5C30224A88DA}.Debug|x64.ActiveCfg = Debug|x64
		{0BA2F363-66AF-4F36-9C96-5C30224A88DA}.Debug|x64.Build.0 = Debug|x64
		{0BA2F363-66AF-4F36-9C96-5C30224A88DA}.Release|x64.ActiveCfg = Release|x64
		{0BA2F363-66AF-4F36-9C96-5C30224A88DA}.Release|x64.Build.0 = Release|x64
		{D819DA18-1461-46EA-9C21-F9D292336523}.Debug|x64.ActiveCfg = Debug|x64
		{D819DA18-1461-46EA-9C21-F9D292336523}.Debug|x64.Build.0 = Debug|x64
		{D819DA18-1461-46EA-9C21-F9D292336523}.Release|x64.ActiveCfg = Release|x64
		{D819DA18-1461-46EA-9C21-F9D292336523}.Release|x64.Build.0 = Release|x64
		{75B3E6D5-8007-4E1F-8A92-1774A5B1D7F1}.Debug|x64.ActiveCfg = Debug|x64
		{75B3E6D5-8007-4E1F-8A92-1774A5B1D7F1}.Debug|x64.Build.0 = Debug|x64
		{75B3E6D5-8007-4E1F-8A92-1774A5B1D7F1}.Release|x64.ActiveCfg = Release|x64
		{75B3E6D5-8007-4E1F-8A92-1774A5B1D7F1}.Release|x64.Build.0 = Release|x64
		{E3164718-E29A-413A-8082-48049CA2DCA3}.Debug|x64.ActiveCfg = Debug|x64
		{E3164718-E29A-413A-8082-48049CA2DCA3}.Debug|x64.Build.0 = Debug|x64
		{E3164718-E29A-413A-8082-48049CA2DCA3}.Release|x64.ActiveCfg = Release|x64
		{E3164718-E29A-413A-8082-48049CA2DCA3}.Release|x64.Build.0 = Release|x64
		{9BA89C69-2A35-493D-9191-40FCE9F618A3}.Debug|x64.ActiveCfg = Debug|x64
		{9BA89C69-2A35-493D-9191-40FCE9F618A3}.Debug|x64.Build.0 = Debug|x64
		{9BA89C69-2A35-493D-9191-40FCE9F618A3}.Release|x64.ActiveCfg = Release|x64
		{9BA89C69-2A35-493D-9191-40FCE9F618A3}.Release|x64.Build.0 = Release|x64
		{0FA6CCE7-42D4-47F1-8500-64AFE7D2ED7B}.Debug|x64.ActiveCfg = Debug|x64
		{0FA6CCE7-42D4-47F1-8500-64AFE7D2ED7B}.Debug|x64.Build.0 = Debug|x64
		{0FA6CCE7-42D4-47F1-8500-64AFE7D2ED7B}.Release|x64.ActiveCfg = Release|x64
		{0FA6CCE7-42D4-47F1-8500-64AFE7D2ED7B}.Release|x64.Build.0 = Release|x64
		{E14A7D9D-2F4A-4824-A816-6DCF887C5737}.Debug|x64.ActiveCfg = Debug|x64
		{E14A7D9D-2F4A-4824-A816-6DCF887C5737}.Debug|x64.Build.0 = Debug|x64
		{E14A7D9D-2F4A-4824-A816-6DCF887C5737}.Release|x64.ActiveCfg = Release|x64
		{E14A7D9D-2F4A-4824-A816-6DCF887C5737}.Release|x64.Build.0 = Release|x64
		{53B93E1B-59CF-458A-A787-1CBBF51D3C23}.Debug|x64.ActiveCfg = Debug|x64
		{53B93E1B-59CF-458A-A787-1CBBF51D3C23}.Debug|x64.Build.0 = Debug|x64
		{53B93E1B-59CF-458A-A787-1CBBF51D3C23}.Release|x64.ActiveCfg = Release|x64
		{53B93E1B-59CF-458A-A787-1CBBF51D3C23}.Release|x64.Build.0 = Release|x64
		{349F1BD9-5ACB-4039-8A9D-97E47177B068}.Debug|x64.ActiveCfg = Debug|x64
		{349F1BD9-5ACB-4039-8A9D-97E47177B068}.Debug|x64.Build.0 = Debug|x64
		{349F1BD9-5ACB-4039-8A9D-97E47177B068}.Release|x64.ActiveCfg = Release|x64
		{349F1BD9-5ACB-4039-8A9D-97E47177B068}.Release|x64.Build.0 = Release|x64
		{5E33247C-418A-4A7A-A2BC-78296B7DDE2A}.Debug|x64.ActiveCfg = Debug|x64
		{5E33247C-418A-4A7A-A2BC-78296B7DDE2A}.Debug|x64.Build.0 = Debug|x64
		{5E33247C-418A-4A7A-A2BC-78296B7DDE2A}.Release|x64.ActiveCfg = Release|x64
		{5E33247C-418A-4A7A-A2BC-78296B7DDE2A}.Release|x64.Build.0 = Release|x64
		{CF8465E9-A5C4-4C3A-AC2C-D899510399FA}.Debug|x64.ActiveCfg = Debug|x64
		{CF8465E9-A5C4-4C3A-AC2C-D899510399FA}.Debug|x64.Build.0 = Debug|x64
		{CF8465E9-A5C4-4C3A-AC2C-D899510399FA}.Release|x64.ActiveCfg = Release|x64
		{CF8465E9-A5C4-4C3A-AC2C-D899510399FA}.Release|x64.Build.0 = Release|x64
		{5ACE8929-870F-449E-A325-599C30EC9E5D}.Debug|x64.ActiveCfg = Debug|x64
		{5ACE8929-870F-449E-A325-599C30EC9E5D}.Debug|x64.Build.0 = Debug|x64
		{5ACE8929-870F-449E-A325-599C30EC9E5D}.Release|x64.ActiveCfg = Release|x64
		{5ACE8929-870F-449E-A325-599C30EC9E5D}.Release|x64.Build.0 = Release|x64
		{194C4A5F-F88D-4A90-A17C-E00888D519FD}.Debug|x64.ActiveCfg = Debug|x64
		{194C4A5F-F88D-4A90-A17C-E00888D519FD}.Debug|x64.Build.0 = Debug|x64
		{194C4A5F-F88D-4A90-A17C-E00888D519FD}.Release|x64.ActiveCfg = Release|x64
		{194C4A5F-F88D-4A90-A17C-E00888D519FD}.Release|x64.Build.0 = Release|x64
		{7923AF04-9EDF-47CC-87EF-F0182856789A}.Debug|x64.ActiveCfg = Debug|x64
		{7923AF04-9EDF-47CC-87EF-F0182856789A}.Debug|x64.Build.0 = Debug|x64
		{7923AF04-9EDF-47CC-87EF-F0182856789A}.Release|x64.ActiveCfg = Release|x64
		{7923AF04-9EDF-47CC-87EF-F0182856789A}.Release|x64.Build.0 = Release|x64
		{FB67FE27-2F46-4650-A895-47FDF9F8B59C}.Debug|x64.ActiveCfg = Debug|x64
		{FB67FE27-2F46-4650-A895-47FDF9F8B59C}.Debug|x64.Build.0 = Debug|x64
		{FB67FE27-2F46-4650-A895-47FDF9F8B59C}.Release|x64.ActiveCfg = Release|x64
		{FB67FE27-2F46-4650-A895-47FDF9F8B59C}.Release|x64.Build.0 = Release|x64
		{21C5A5D7-8019-4A96-A8C4-EA37BB61C454}.Debug|x64.ActiveCfg = Debug|x64
		{21C5A5D7-8019-4A96-A8C4-EA37BB61C454}.Debug|x64.Build.0 = Debug|x64
		{21C5A5D7-8019-4A96-A8C4-EA37BB61C454}.Release|x64.ActiveCfg = Release|x64
		{21C5A5D7-8019-4A96-A8C4-EA37BB61C454}.Release|x64.Build.0 = Release|x64
		{C1323956-570D-4AEB-9111-284CD714A05E}.Debug|x64.ActiveCfg = Debug|x64
		{C1323956-570D-4AEB-9111-284CD714A05E}.Debug|x64.Build.0 = Debug|x64
		{C1323956-570D-4AEB-9111-284CD714A05E}.Release|x64.ActiveCfg = Release|x64
		{C1323956-570D-4AEB-9111-284CD714A05E}.Release|x64.Build.0 = Release|x64
		{61015C20-57AA-477B-812C-3441F889BE4C}.Debug|x64.ActiveCfg = Debug|x64
		{61015C20-57AA-477B-812C-3441F889BE4C}.Debug|x64.Build.0 = Debug|x64
		{61015C20-57AA-477B-812C-3441F889BE4C}.Release|x64.ActiveCfg = Release|x64
		{61015C20-57AA-477B-812C-3441F889BE4C}.Release|x64.Build.0 = Release|x64
		{B86208DC-0D12-4512-A5AE-3A585980D1FC}.Debug|x64.ActiveCfg = Debug|x64
		{B86208DC-0D12-4512-A5AE-3A585980D1FC}.Debug|x64.Build.0 = Debug|x64
		{B86208DC-0D12-4512-A5AE-3A585980D1FC}.Release|x64.ActiveCfg = Release|x64
		{B86208DC-0D12-4512-A5AE-3A585980D1FC}.Release|x64.Build.0 = Release|x64
		{087F7F18-38CE-4270-99ED-5BB1FF13B3E3}.Debug|x64.ActiveCfg = Debug|x64
		{087F7F18-38CE-4270-99ED-5BB1FF13B3E3}.Debug|x64.Build.0 = Debug|x64
		{087F7F18-38CE-4270-99ED-5BB1FF13B3E3}.Release|x64.ActiveCfg = Release|x64
		{087F7F18-38CE-4270-99ED-5BB1FF13B3E3}.Release|x64.Build.0 = Release|x64
		{A5F68BF1-0B10-40F4-AEB8-E774AB8E1EC3}.Debug|x64.ActiveCfg = Debug|x64
		{A5F68BF1-0B10-40F4-AEB8-E774AB8E1EC3}.Debug|x64.Build.0 = Debug|x64
		{A5F68BF1-0B10-40F4-AEB8-E774AB8E1EC3}.Release|x64.ActiveCfg = Release|x64
		{A5F68BF1-0B10-40F4-AEB8-E774AB8E1EC3}.Release|x64.Build.0 = Release|x64
		{7AB53449-DDC5-48A2-9723-0EEF472CEABC}.Debug|x64.ActiveCfg = Debug|x64
		{7AB53449-DDC5-48A2-9723-0EEF472CEABC}.Debug|x64.Build.0 = Debug|x64
		{7AB53449-DDC5-48A2-9723-0EEF472CEABC}.Release|x64.ActiveCfg = Release|x64
		{7AB53449-DDC5-48A2-9723-0EEF472CEABC}.Release|x64.Build.0 = Release|x64
		{3C709AA2-76F1-4547-BA83-F25287ADB24C}.Debug|x64.ActiveCfg = Debug|x64
		{3C709AA2-76F1-4547-BA83-F25287ADB24C}.Debug|x64.Build.0 = Debug|x64
		{3C709AA2-76F1-4547-BA83-F25287ADB24C}.Release|x64.ActiveCfg = Release|x64
		{3C709AA2-76F1-4547-BA83-F25287ADB24C}.Release|x64.Build.0 = Release|x64
		{97B93FD6-8D63-4D3D-B0E0-35C400948077}.Debug|x64.ActiveCfg = Debug|x64
		{97B93FD6-8D63-4D3D-B0E0-35C400948077}.Debug|x64.Build.0 = Debug|x64
		{97B93FD6-8D63-4D3D-B0E0-35C400948077}.Release|x64.ActiveCfg = Release|x64
		{97B93FD6-8D63-4D3D-B0E0-35C400948077}.Release|x64.Build.0 = Release|x64
		{4F50110F-8761-4B06-88F1-9D82DE8F53F9}.Debug|x64.ActiveCfg = Debug|x64
		{4F50110F-8761-4B06-88F1-9D82DE8F53F9}.Debug|x64.Build.0 = Debug|x64
		{4F50110F-8761-4B06-88F1-9D82DE8F53F9}.Release|x64.ActiveCfg = Release|x64
		{4F50110F-8761-4B06-88F1-9D82DE8F53F9}.Release|x64.Build.0 = Release|x64
		{458B18EB-39BD-45BD-B9B4-81A0282B28F5}.Debug|x64.ActiveCfg = Debug|x64
		{458B18EB-39BD-45BD-B9B4-81A0282B28F5}.Debug|x64.Build.0 = Debug|x64
		{458B18EB-39BD-45BD-B9B4-81A0282B28F5}.Release|x64.ActiveCfg = Release|x64
		{458B18EB-39BD-45BD-B9B4-81A0282B28F5}.Release|x64.Build.0 = Release|x64
		{7D1CA703-A671-43DE-99AF-0FE5DB160F3B}.Debug|x64.ActiveCfg = Debug|x64
		{7D1CA703-A671-43DE-99AF-0FE5DB160F3B}.Debug|x64.Build.0 = Debug|x64
		{7D1CA703-A671-43DE-99AF-0FE5DB160F3B}.Release|x64.ActiveCfg = Release|x64
		{7D1CA703-A671-43DE-99AF-0FE5DB160F3B}.Release|x64.Build.0 = Release|x64
		{E174173D-F0A9-4DD0-A357-502369B99572}.Debug|x64.ActiveCfg = Debug|x64
		{E174173D-F0A9-4DD0-A357-502369B99572}.Debug|x64.Build.0 = Debug|x64
		{E174173D-F0A9-4DD0-A357-502369B99572}.Release|x64.ActiveCfg = Release|x64
		{E174173D-F0A9-4DD0-A357-502369B99572}.Release|x64.Build.0 = Release|x64
		{424185C7-91CD-43CB-A447-8A30AB0CBBF2}.Debug|x64.ActiveCfg = Debug|x64
		{424185C7-91CD-43CB-A447-8A30AB0CBBF2}.Debug|x64.Build.0 = Debug|x64
		{424185C7-91CD-43CB-A447-8A30AB0CBBF2}.Release|x64.ActiveCfg = Release|x64
		{424185C7-91CD-43CB-A447-8A30AB0CBBF2}.Release|x64.Build.0 = Release|x64
		{9C9F3C69-5795-4BD4-B300-C2C28E2FF3BD}.Debug|x64.ActiveCfg = Debug|x64
		{9C9F3C69-5795-4BD4-B300-C2C28E2FF3BD}.Debug|x64.Build.0 = Debug|x64
		{9C9F3C69-5795-4BD4-B300-C2C28E2FF3BD}.Release|x64.ActiveCfg = Release|x64
		{9C9F3C69-5795-4BD4-B300-C2C28E2FF3BD}.Release|x64.Build.0 = Release|x64
		{5E4F6195-77AE-40DB-BE68-FE526DDDFC1A}.Debug|x64.ActiveCfg = Debug|x64
		{5E4F6195-77AE-40DB-BE68-FE526DDDFC1A}.Debug|x64.Build.0 = Debug|x64
		{5E4F6195-77AE-40DB-BE68-FE526DDDFC1A}.Release|x64.ActiveCfg = Release|x64
		{5E4F6195-77AE-40DB-BE68-FE526DDDFC1A}.Release|x64.Build.0 = Release|x64
		{9E2CC171-3B0A-4498-9724-88256E38F716}.Debug|x64.ActiveCfg = Debug|x64
		{9E2CC171-3B0A-4498-9724-88256E38F716}.Debug|x64.Build.0 = Debug|x64
		{9E2CC171-3B0A-4498-9724-88256E38F716}.Release|x64.ActiveCfg = Release|x64
		{9E2CC171-3B0A-4498-9724-88256E38F716}.Release|x64.Build.0 = Release|x64
		{9FB36484-9F8F-4B22-8A21-9F5E66318214}.Debug|x64.ActiveCfg = Debug|x64
		{9FB36484-9F8F-4B22-8A21-9F5E66318214}.Debug|x64.Build.0 = Debug|x64
		{9FB36484-9F8F-4B22-8A21-9F5E66318214}.Release|x64.ActiveCfg = Release|x64
		{9FB36484-9F8F-4B22-8A21-9F5E66318214}.Release|x64.Build.0 = Release|x64
		{90709DF4-1809-414F-A951-0F8CCFB8996C}.Debug|x64.ActiveCfg = Debug|x64
		{90709DF4-1809-414F-A951-0F8CCFB8996C}.Debug|x64.Build.0 = Debug|x64
		{90709DF4-1809-414F-A951-0F8CCFB8996C}.Release|x64.ActiveCfg = Release|x64
		{90709DF4-1809-414F-A951-0F8CCFB8996C}.Release|x64.Build.0 = Release|x64
		{AC56D9D2-B06E-4003-96FB-798ADF255829}.Debug|x64.ActiveCfg = Debug|Any CPU
		{AC56D9D2-B06E-4003-96FB-798ADF255829}.Debug|x64.Build.0 = Debug|Any CPU
		{AC56D9D2-B06E-4003-96FB-798ADF255829}.Release|x64.ActiveCfg = Release|Any CPU
		{AC56D9D2-B06E-4003-96FB-798ADF255829}.Release|x64.Build.0 = Release|Any CPU
		{74BEF944-B36D-47EE-8C92-88BC3EF84FC3}.Debug|x64.ActiveCfg = Debug|x64
		{74BEF944-B36D-47EE-8C92-88BC3EF84FC3}.Debug|x64.Build.0 = Debug|x64
		{74BEF944-B36D-47EE-8C92-88BC3EF84FC3}.Release|x64.ActiveCfg = Release|x64
		{74BEF944-B36D-47EE-8C92-88BC3EF84FC3}.Release|x64.Build.0 = Release|x64
		{6F2D2114-F65A-4E17-846C-78521F277A49}.Debug|x64.ActiveCfg = Debug|x64
		{6F2D2114-F65A-4E17-846C-78521F277A49}.Debug|x64.Build.0 = Debug|x64
		{6F2D2114-F65A-4E17-846C-78521F277A49}.Release|x64.ActiveCfg = Release|x64
		{6F2D2114-F65A-4E17-846C-78521F277A49}.Release|x64.Build.0 = Release|x64
		{BB0AF549-AF34-4389-9CA1-51C3037CDD11}.Debug|x64.ActiveCfg = Debug|x64
		{BB0AF549-AF34-4389-9CA1-51C3037CDD11}.Debug|x64.Build.0 = Debug|x64
		{BB0AF549-AF34-4389-9CA1-51C3037CDD11}.Release|x64.ActiveCfg = Release|x64
		{BB0AF549-AF34-4389-9CA1-51C3037CDD11}.Release|x64.Build.0 = Release|x64
		{EBCFD133-9576-456E-991B-81DED85E1606}.Debug|x64.ActiveCfg = Debug|x64
		{EBCFD133-9576-456E-991B-81DED85E1606}.Debug|x64.Build.0 = Debug|x64
		{EBCFD133-9576-456E-991B-81DED85E1606}.Release|x64.ActiveCfg = Release|x64
		{EBCFD133-9576-456E-991B-81DED85E1606}.Release|x64.Build.0 = Release|x64
		{B602CB3C-FBAA-46F8-80C1-E18820259700}.Debug|x64.ActiveCfg = Debug|x64
		{B602CB3C-FBAA-46F8-80C1-E18820259700}.Debug|x64.Build.0 = Debug|x64
		{B602CB3C-FBAA-46F8-80C1-E18820259700}.Release|x64.ActiveCfg = Release|x64
		{B602CB3C-FBAA-46F8-80C1-E18820259700}.Release|x64.Build.0 = Release|x64
		{24F5A8B4-90F9-4C0C-81A5-C0A36279357C}.Debug|x64.ActiveCfg = Debug|x64
		{24F5A8B4-90F9-4C0C-81A5-C0A36279357C}.Debug|x64.Build.0 = Debug|x64
		{24F5A8B4-90F9-4C0C-81A5-C0A36279357C}.Release|x64.ActiveCfg = Release|x64
		{24F5A8B4-90F9-4C0C-81A5-C0A36279357C}.Release|x64.Build.0 = Release|x64
		{E8FE8BCC-8811-460A-88C4-86A02043B05B}.Debug|x64.ActiveCfg = Debug|x64
		{E8FE8BCC-8811-460A-88C4-86A02043B05B}.Debug|x64.Build.0 = Debug|x64
		{E8FE8BCC-8811-460A-88C4-86A02043B05B}.Release|x64.ActiveCfg = Release|x64
		{E8FE8BCC-8811-460A-88C4-86A02043B05B}.Release|x64.Build.0 = Release|x64
		{01F86671-339E-4E32-B4F8-E83CEB52A3A3}.Debug|x64.ActiveCfg = Debug|x64
		{01F86671-339E-4E32-B4F8-E83CEB52A3A3}.Debug|x64.Build.0 = Debug|x64
		{01F86671-339E-4E32-B4F8-E83CEB52A3A3}.Release|x64.ActiveCfg = Release|x64
		{01F86671-339E-4E32-B4F8-E83CEB52A3A3}.Release|x64.Build.0 = Release|x64
		{D386FF82-9213-45A1-83FA-1C9FE003C57F}.Debug|x64.ActiveCfg = Debug|x64
		{D386FF82-9213-45A1-83FA-1C9FE003C57F}.Debug|x64.Build.0 = Debug|x64
		{D386FF82-9213-45A1-83FA-1C9FE003C57F}.Release|x64.ActiveCfg = Release|x64
		{D386FF82-9213-45A1-83FA-1C9FE003C57F}.Release|x64.Build.0 = Release|x64
		{65DAD418-AD86-4369-9EC2-6E90592B7DC1}.Debug|x64.ActiveCfg = Debug|x64
		{65DAD418-AD86-4369-9EC2-6E90592B7DC1}.Debug|x64.Build.0 = Debug|x64
		{65DAD418-AD86-4369-9EC2-6E90592B7DC1}.Release|x64.ActiveCfg = Release|x64
		{65DAD418-AD86-4369-9EC2-6E90592B7DC1}.Release|x64.Build.0 = Release|x64
		{7820D4A8-1088-4F75-9E6A-8D34088CED31}.Debug|x64.ActiveCfg = Debug|x64
		{7820D4A8-1088-4F75-9E6A-8D34088CED31}.Debug|x64.Build.0 = Debug|x64
		{7820D4A8-1088-4F75-9E6A-8D34088CED31}.Release|x64.ActiveCfg = Release|x64
		{7820D4A8-1088-4F75-9E6A-8D34088CED31}.Release|x64.Build.0 = Release|x64
		{4E02127B-9E45-44F3-B2DE-5AC14E3E1C93}.Debug|x64.ActiveCfg = Debug|x64
		{4E02127B-9E45-44F3-B2DE-5AC14E3E1C93}.Debug|x64.Build.0 = Debug|x64
		{4E02127B-9E45-44F3-B2DE-5AC14E3E1C93}.Release|x64.ActiveCfg = Release|x64
		{4E02127B-9E45-44F3-B2DE-5AC14E3E1C93}.Release|x64.Build.0 = Release|x64
		{D16068CC-388F-4090-A05D-C62900DFDD65}.Debug|x64.ActiveCfg = Debug|x64
		{D16068CC-388F-4090-A05D-C62900DFDD65}.Debug|x64.Build.0 = Debug|x64
		{D16068CC-388F-4090-A05D-C62900DFDD65}.Release|x64.ActiveCfg = Release|x64
		{D16068CC-388F-4090-A05D-C62900DFDD65}.Release|x64.Build.0 = Release|x64
		{D6FA86EE-1215-4EFD-9926-86208E1E6CD3}.Debug|x64.ActiveCfg = Debug|x64
		{D6FA86EE-1215-4EFD-9926-86208E1E6CD3}.Debug|x64.Build.0 = Debug|x64
		{D6FA86EE-1215-4EFD-9926-86208E1E6CD3}.Release|x64.ActiveCfg = Release|x64
		{D6FA86EE-1215-4EFD-9926-86208E1E6CD3}.Release|x64.Build.0 = Release|x64
		{8500C5C4-8E9D-401A-B0BF-E07C3D7BA98F}.Debug|x64.ActiveCfg = Debug|x64
		{8500C5C4-8E9D-401A-B0BF-E07C3D7BA98F}.Debug|x64.Build.0 = Debug|x64
		{8500C5C4-8E9D-401A-B0BF-E07C3D7BA98F}.Release|x64.ActiveCfg = Release|x64
		{8500C5C4-8E9D-401A-B0BF-E07C3D7BA98F}.Release|x64.Build.0 = Release|x64
		{989547C7-8558-482C-A0FE-C40DA021C3C9}.Debug|x64.ActiveCfg = Debug|x64
		{989547C7-8558-482C-A0FE-C40DA021C3C9}.Debug|x64.Build.0 = Debug|x64
		{989547C7-8558-482C-A0FE-C40DA021C3C9}.Release|x64.ActiveCfg = Release|x64
		{989547C7-8558-482C-A0FE-C40DA021C3C9}.Release|x64.Build.0 = Release|x64
		{89288A2E-54CE-4AA4-8293-80E38B999DA2}.Debug|x64.ActiveCfg = Debug|x64
		{89288A2E-54CE-4AA4-8293-80E38B999DA2}.Debug|x64.Build.0 = Debug|x64
		{89288A2E-54CE-4AA4-8293-80E38B999DA2}.Release|x64.ActiveCfg = Release|x64
		{89288A2E-54CE-4AA4-8293-80E38B999DA2}.Release|x64.Build.0 = Release|x64
		{CC0FB45E-C8DE-4451-BBD1-7F9507F206B0}.Debug|x64.ActiveCfg = Debug|x64
		{CC0FB45E-C8DE-4451-BBD1-7F9507F206B0}.Debug|x64.Build.0 = Debug|x64
		{CC0FB45E-C8DE-4451-BBD1-7F9507F206B0}.Release|x64.ActiveCfg = Release|x64
		{CC0FB45E-C8DE-4451-BBD1-7F9507F206B0}.Release|x64.Build.0 = Release|x64
		{408DDDEF-8F94-4CED-B566-0BA4CBA24C78}.Debug|x64.ActiveCfg = Debug|x64
		{408DDDEF-8F94-4CED-B566-0BA4CBA24C78}.Debug|x64.Build.0 = Debug|x64
		{408DDDEF-8F94-4CED-B566-0BA4CBA24C78}.Release|x64.ActiveCfg = Release|x64
		{408DDDEF-8F94-4CED-B566-0BA4CBA24C78}.Release|x64.Build.0 = Release|x64
		{76FC3812-2217-4B0D-9276-759595812FF4}.Debug|x64.ActiveCfg = Debug|x64
		{76FC3812-2217-4B0D-9276-759595812FF4}.Debug|x64.Build.0 = Debug|x64
		{76FC3812-2217-4B0D-9276-759595812FF4}.Release|x64.ActiveCfg = Release|x64
		{76FC3812-2217-4B0D-9276-759595812FF4}.Release|x64.Build.0 = Release|x64
		{18E883D2-D56B-4512-B483-6A1463EB8F01}.Debug|x64.ActiveCfg = Debug|x64
		{18E883D2-D56B-4512-B483-6A1463EB8F01}.Debug|x64.Build.0 = Debug|x64
		{18E883D2-D56B-4512-B483-6A1463EB8F01}.Release|x64.ActiveCfg = Release|x64
		{18E883D2-D56B-4512-B483-6A1463EB8F01}.Release|x64.Build.0 = Release|x64
		{759BCE05-81A7-41E4-B2E6-76C4732042AF}.Debug|x64.ActiveCfg = Debug|x64
		{759BCE05-81A7-41E4-B2E6-76C4732042AF}.Debug|x64.Build.0 = Debug|x64
		{759BCE05-81A7-41E4-B2E6-76C4732042AF}.Release|x64.ActiveCfg = Release|x64
		{759BCE05-81A7-41E4-B2E6-76C4732042AF}.Release|x64.Build.0 = Release|x64
		{073DF1BF-FCA7-4CFC-B935-BA4C956FFFEF}.Debug|x64.ActiveCfg = Debug|x64
		{073DF1BF-FCA7-4CFC-B935-BA4C956FFFEF}.Debug|x64.Build.0 = Debug|x64
		{073DF1BF-FCA7-4CFC-B935-BA4C956FFFEF}.Release|x64.ActiveCfg = Release|x64
		{073DF1BF-FCA7-4CFC-B935-BA4C956FFFEF}.Release|x64.Build.0 = Release|x64
		{54586949-EB5F-4E7A-803F-F7FA645EA893}.Debug|x64.ActiveCfg = Debug|x64
		{54586949-EB5F-4E7A-803F-F7FA645EA893}.Debug|x64.Build.0 = Debug|x64
		{54586949-EB5F-4E7A-803F-F7FA645EA893}.Release|x64.ActiveCfg = Release|x64
		{54586949-EB5F-4E7A-803F-F7FA645EA893}.Release|x64.Build.0 = Release|x64
		{8D39C771-5B3E-4F9A-A917-B1BA67676AEA}.Debug|x64.ActiveCfg = Debug|x64
		{8D39C771-5B3E-4F9A-A917-B1BA67676AEA}.Release|x64.ActiveCfg = Release|x64
		{1A342300-532E-44A8-A55D-09ABABF555A7}.Debug|x64.ActiveCfg = Debug|x64
		{1A342300-532E-44A8-A55D-09ABABF555A7}.Release|x64.ActiveCfg = Release|x64
		{D5EB8AB8-D72C-4566-8B7E-16DD9E182633}.Debug|x64.ActiveCfg = Debug|x64
		{D5EB8AB8-D72C-4566-8B7E-16DD9E182633}.Release|x64.ActiveCfg = Release|x64
		{2A3AADE4-7AAD-4430-8AE2-5C8D2BF33F2F}.Debug|x64.ActiveCfg = Debug|x64
		{2A3AADE4-7AAD-4430-8AE2-5C8D2BF33F2F}.Release|x64.ActiveCfg = Release|x64
		{57D3661E-0875-4A5F-92F9-118E0196A542}.Debug|x64.ActiveCfg = Debug|x64
		{57D3661E-0875-4A5F-92F9-118E0196A542}.Release|x64.ActiveCfg = Release|x64
		{3997139E-3227-40B5-A893-E16D08D3E53B}.Debug|x64.ActiveCfg = Debug|x64
		{3997139E-3227-40B5-A893-E16D08D3E53B}.Release|x64.ActiveCfg = Release|x64
		{E4583D98-98EC-423E-AA35-8CB6A5344857}.Debug|x64.ActiveCfg = Debug|x64
		{E4583D98-98EC-423E-AA35-8CB6A5344857}.Release|x64.ActiveCfg = Release|x64
		{234F4122-7BE6-4DDE-8D85-FAC6095174D5}.Debug|x64.ActiveCfg = Debug|x64
		{234F4122-7BE6-4DDE-8D85-FAC6095174D5}.Release|x64.ActiveCfg = Release|x64
		{457C0458-6139-4858-9704-D8C1ADCAF9B8}.Debug|x64.ActiveCfg = Debug|x64
		{457C0458-6139-4858-9704-D8C1ADCAF9B8}.Release|x64.ActiveCfg = Release|x64
		{A8CBBEF9-27CD-4CC3-A8E5-084BCBF9A83A}.Debug|x64.ActiveCfg = Debug|x64
		{A8CBBEF9-27CD-4CC3-A8E5-084BCBF9A83A}.Release|x64.ActiveCfg = Release|x64
		{F2EA88E9-5635-4967-810F-9B0D7B78A70E}.Debug|x64.ActiveCfg = Debug|x64
		{F2EA88E9-5635-4967-810F-9B0D7B78A70E}.Release|x64.ActiveCfg = Release|x64
		{1299F732-0994-49AC-8D71-1A7A82AF9C87}.Debug|x64.ActiveCfg = Debug|x64
		{1299F732-0994-49AC-8D71-1A7A82AF9C87}.Release|x64.ActiveCfg = Release|x64
		{C6CA8C54-C5AF-4BDF-B23D-1AFE0ACEB812}.Debug|x64.ActiveCfg = Debug|x64
		{C6CA8C54-C5AF-4BDF-B23D-1AFE0ACEB812}.Release|x64.ActiveCfg = Release|x64
		{FEDF13F8-4774-4C2A-9E40-3A5347F059FA}.Debug|x64.ActiveCfg = Debug|x64
		{FEDF13F8-4774-4C2A-9E40-3A5347F059FA}.Release|x64.ActiveCfg = Release|x64
		{40DFE713-AB33-4970-8B7C-E88C52DA2D96}.Debug|x64.ActiveCfg = Debug|x64
		{40DFE713-AB33-4970-8B7C-E88C52DA2D96}.Release|x64.ActiveCfg = Release|x64
		{E477ECF4-5862-482B-82CB-B0C5166C10FF}.Debug|x64.ActiveCfg = Debug|x64
		{E477ECF4-5862-482B-82CB-B0C5166C10FF}.Release|x64.ActiveCfg = Release|x64
		{B156BE4E-861A-4439-8DE5-6A68EBDA82DB}.Debug|x64.ActiveCfg = Debug|x64
		{B156BE4E-861A-4439-8DE5-6A68EBDA82DB}.Release|x64.ActiveCfg = Release|x64
		{175E4A61-7ECA-4E21-A244-34BCFD8D0D58}.Debug|x64.ActiveCfg = Debug|x64
		{175E4A61-7ECA-4E21-A244-34BCFD8D0D58}.Release|x64.ActiveCfg = Release|x64
		{65C1633F-47CD-4036-8739-2EAEF3E0B363}.Debug|x64.ActiveCfg = Debug|x64
		{65C1633F-47CD-4036-8739-2EAEF3E0B363}.Release|x64.ActiveCfg = Release|x64
		{04BA54B3-0D6D-4EFB-8B7C-D578A89787FE}.Debug|x64.ActiveCfg = Debug|x64
		{04BA54B3-0D6D-4EFB-8B7C-D578A89787FE}.Release|x64.ActiveCfg = Release|x64
		{5B2010C5-245F-493E-8A45-0D29E7C8437D}.Debug|x64.ActiveCfg = Debug|x64
		{5B2010C5-245F-493E-8A45-0D29E7C8437D}.Release|x64.ActiveCfg = Release|x64
		{5A0B1A45-AF62-443C-A1CD-C337CE816574}.Debug|x64.ActiveCfg = Debug|x64
		{5A0B1A45-AF62-443C-A1CD-C337CE816574}.Release|x64.ActiveCfg = Release|x64
		{EB32414C-9FD0-42DB-8267-B98809CC551A}.Debug|x64.ActiveCfg = Debug|x64
		{EB32414C-9FD0-42DB-8267-B98809CC551A}.Release|x64.ActiveCfg = Release|x64
		{76F01E53-8DB7-4642-AC9D-2CC2D2C89B5E}.Debug|x64.ActiveCfg = Debug|x64
		{76F01E53-8DB7-4642-AC9D-2CC2D2C89B5E}.Release|x64.ActiveCfg = Release|x64
		{7B2933E5-1744-4673-8727-B3C3406D4C24}.Debug|x64.ActiveCfg = Debug|x64
		{7B2933E5-1744-4673-8727-B3C3406D4C24}.Release|x64.ActiveCfg = Release|x64
		{7AC74F27-BDB5-4DE7-8A88-C33EE5E5ED28}.Debug|x64.ActiveCfg = Debug|x64
		{7AC74F27-BDB5-4DE7-8A88-C33EE5E5ED28}.Release|x64.ActiveCfg = Release|x64
		{5C15DEAA-A406-40E0-A5D1-16A1D1FECB20}.Debug|x64.ActiveCfg = Debug|x64
		{5C15DEAA-A406-40E0-A5D1-16A1D1FECB20}.Release|x64.ActiveCfg = Release|x64
		{F89DCC14-BD4D-4933-A0FF-10CA770338EB}.Debug|x64.ActiveCfg = Debug|Any CPU
		{F89DCC14-BD4D-4933-A0FF-10CA770338EB}.Release|x64.ActiveCfg = Release|Any CPU
	EndGlobalSection
	GlobalSection(SolutionProperties) = preSolution
		HideSolutionNode = FALSE
	EndGlobalSection
	GlobalSection(NestedProjects) = preSolution
		{55ABBA4C-AAF9-4726-A592-0C92436CEC92} = {F9D94A37-D2F9-4CB1-958C-FF0F6E26D96D}
		{85B750E0-FD7C-4D8C-8BE0-8162E4DCB92E} = {891222D7-BD2B-4CF2-B97D-099A4C34E409}
		{891222D7-BD2B-4CF2-B97D-099A4C34E409} = {F9D94A37-D2F9-4CB1-958C-FF0F6E26D96D}
		{AE511769-EB8A-41DE-B52E-22EDDC94D03A} = {891222D7-BD2B-4CF2-B97D-099A4C34E409}
		{4206E14C-6963-42E6-9530-5088EB2BD729} = {891222D7-BD2B-4CF2-B97D-099A4C34E409}
		{C47042DB-C816-42FF-AC04-C837A3B4C90E} = {891222D7-BD2B-4CF2-B97D-099A4C34E409}
		{64165ACF-7ABC-4265-9475-D43DCBF0D61D} = {891222D7-BD2B-4CF2-B97D-099A4C34E409}
		{FF8172EB-910D-4F61-915C-22E0CC5D844B} = {891222D7-BD2B-4CF2-B97D-099A4C34E409}
		{62154CD7-E650-4A5B-BC38-A4F0868DB916} = {891222D7-BD2B-4CF2-B97D-099A4C34E409}
		{754AB365-F70D-46B5-BD91-9BCCB97F4E11} = {891222D7-BD2B-4CF2-B97D-099A4C34E409}
		{61029379-D416-4556-8CE7-361C06917E4E} = {891222D7-BD2B-4CF2-B97D-099A4C34E409}
		{1925B894-FC4B-42CD-B571-56568F752826} = {891222D7-BD2B-4CF2-B97D-099A4C34E409}
		{EECB6397-E0BF-43A6-A577-6F6A4DD66D1E} = {891222D7-BD2B-4CF2-B97D-099A4C34E409}
		{0EA4EEBF-E7B9-4A10-B55C-AD6B9C811499} = {891222D7-BD2B-4CF2-B97D-099A4C34E409}
		{A8CEE9A5-A37D-45D4-BB24-FE877395A786} = {891222D7-BD2B-4CF2-B97D-099A4C34E409}
		{90F96222-1C39-4A19-ABE8-1B00FB330985} = {EFE082E1-8966-4D2E-B794-F30F9C9C599C}
		{D8B506F0-90C6-4BF0-A07A-9B0212A3512F} = {891222D7-BD2B-4CF2-B97D-099A4C34E409}
		{C1CBE785-FE24-4BEF-A97B-676A717ADA23} = {891222D7-BD2B-4CF2-B97D-099A4C34E409}
		{D8AF9680-F39D-4FED-BEC6-D8C6D2267085} = {1DEBAE06-27B0-45D5-A839-525270908517}
		{404F6661-5DFD-4B69-A3FF-61BF2497A571} = {D8AF9680-F39D-4FED-BEC6-D8C6D2267085}
		{903908E6-2302-4E4F-B5C4-1FD85BDC4FCE} = {D8AF9680-F39D-4FED-BEC6-D8C6D2267085}
		{C3211BAC-13F0-42A7-924C-34BB0EE77914} = {EFE082E1-8966-4D2E-B794-F30F9C9C599C}
		{C0DC3004-02F1-4FA2-9E80-F1F8487D1EA4} = {EFE082E1-8966-4D2E-B794-F30F9C9C599C}
		{E48AB221-FB79-4F22-9641-3C283F44F1C7} = {C0DC3004-02F1-4FA2-9E80-F1F8487D1EA4}
		{20B90CC0-1DC1-4154-8434-A16B9B902FC4} = {C0DC3004-02F1-4FA2-9E80-F1F8487D1EA4}
		{8BCCBC7B-9F9F-491A-8778-88EF6D2A279C} = {C0DC3004-02F1-4FA2-9E80-F1F8487D1EA4}
		{615EBC87-9694-4311-A526-FFBE2B556B8C} = {891222D7-BD2B-4CF2-B97D-099A4C34E409}
		{8467EA96-E468-4EAE-BA4B-24458F9548D6} = {891222D7-BD2B-4CF2-B97D-099A4C34E409}
		{1E69C5AE-9589-4A00-A2B5-E80D84A46928} = {891222D7-BD2B-4CF2-B97D-099A4C34E409}
		{C070B724-DC4D-45BB-9D0D-4906D7B17DD7} = {891222D7-BD2B-4CF2-B97D-099A4C34E409}
		{9AD26879-6DAC-43D7-B897-66EE39784607} = {891222D7-BD2B-4CF2-B97D-099A4C34E409}
		{0C89B7A2-A218-49E4-B545-5B044A45F977} = {EFE082E1-8966-4D2E-B794-F30F9C9C599C}
		{499EB63C-D74C-47E8-AE48-A2FC94538E9D} = {EFE082E1-8966-4D2E-B794-F30F9C9C599C}
		{0F86FF86-528A-416C-860B-11F58C464423} = {1D711FBD-363F-4170-BB36-E3BC8E4D0125}
		{56AC89D5-FCA8-4648-81EF-03FCF16F9A77} = {EFE082E1-8966-4D2E-B794-F30F9C9C599C}
		{11022B54-2310-42AA-B80F-660733243406} = {56AC89D5-FCA8-4648-81EF-03FCF16F9A77}
		{C6EBD1E6-5744-4FB0-A223-FD0D0A23B985} = {56AC89D5-FCA8-4648-81EF-03FCF16F9A77}
		{DB3A0100-6A06-45E8-95BE-7EB23C2FD4E1} = {D8AF9680-F39D-4FED-BEC6-D8C6D2267085}
		{77318C22-A8D3-4C62-B843-53C7725E7F01} = {891222D7-BD2B-4CF2-B97D-099A4C34E409}
		{0CB2B85F-5B22-47C8-A063-68E704B410E2} = {F9D94A37-D2F9-4CB1-958C-FF0F6E26D96D}
		{5613CE65-51D2-49E5-BA0D-7CB5D8CB94D9} = {F9D94A37-D2F9-4CB1-958C-FF0F6E26D96D}
		{7D789E8A-9570-4C7A-A224-877C4BBF151E} = {0CB2B85F-5B22-47C8-A063-68E704B410E2}
		{524998D9-4E6E-4450-B5BD-22A4909D73BD} = {0CB2B85F-5B22-47C8-A063-68E704B410E2}
		{0639F5B8-BA51-4EFB-AF76-D1C3BDBF81DF} = {0CB2B85F-5B22-47C8-A063-68E704B410E2}
		{01AE9AA9-4A3C-4C5E-988C-4A0CD95B184E} = {0CB2B85F-5B22-47C8-A063-68E704B410E2}
		{72D63EB4-4A7A-448C-A9E0-120D7F539706} = {0CB2B85F-5B22-47C8-A063-68E704B410E2}
		{D3598912-ECB7-4AE8-9E48-34295B20D967} = {EFE082E1-8966-4D2E-B794-F30F9C9C599C}
		{B353B71F-92DB-4A08-A7D3-56E52F09FAB4} = {D3598912-ECB7-4AE8-9E48-34295B20D967}
		{0BE26A15-9E63-4B43-A78D-E08E54198193} = {D3598912-ECB7-4AE8-9E48-34295B20D967}
		{85A28B9B-6116-4992-8745-8F55DE1690FB} = {EFE082E1-8966-4D2E-B794-F30F9C9C599C}
		{168DD262-C4DB-49E8-BF62-BFDD3B6DA41E} = {85A28B9B-6116-4992-8745-8F55DE1690FB}
		{BC13B004-21FE-4A7A-8B8B-728E4A9CEC67} = {85A28B9B-6116-4992-8745-8F55DE1690FB}
		{33076040-45C8-47F4-88D8-E12B08996D5F} = {F9D94A37-D2F9-4CB1-958C-FF0F6E26D96D}
		{B470E962-6F40-4AC3-8054-0D7255EEE34F} = {D8AF9680-F39D-4FED-BEC6-D8C6D2267085}
		{0D054B91-9B2F-4FEE-BB24-6839A96898F7} = {0CB2B85F-5B22-47C8-A063-68E704B410E2}
		{DF612306-D4DD-4958-9323-0FDDA69B461A} = {1DEBAE06-27B0-45D5-A839-525270908517}
		{3D0D8663-1838-43B2-BAE8-7F0029EDF9E2} = {CBC57F7C-AC97-4B27-B0BD-BE03DD5DE667}
		{AA9D1FDD-266C-4172-8378-1F11F91092F5} = {F9D94A37-D2F9-4CB1-958C-FF0F6E26D96D}
		{67297EA0-DF87-42DC-9F68-957C25568D36} = {F9D94A37-D2F9-4CB1-958C-FF0F6E26D96D}
		{4B6086B8-0B57-4107-8E28-6B964AC507FD} = {F9D94A37-D2F9-4CB1-958C-FF0F6E26D96D}
		{0BA2F363-66AF-4F36-9C96-5C30224A88DA} = {F9D94A37-D2F9-4CB1-958C-FF0F6E26D96D}
		{D819DA18-1461-46EA-9C21-F9D292336523} = {CBC57F7C-AC97-4B27-B0BD-BE03DD5DE667}
		{75B3E6D5-8007-4E1F-8A92-1774A5B1D7F1} = {CBC57F7C-AC97-4B27-B0BD-BE03DD5DE667}
		{E3164718-E29A-413A-8082-48049CA2DCA3} = {891222D7-BD2B-4CF2-B97D-099A4C34E409}
		{9BA89C69-2A35-493D-9191-40FCE9F618A3} = {891222D7-BD2B-4CF2-B97D-099A4C34E409}
		{0FA6CCE7-42D4-47F1-8500-64AFE7D2ED7B} = {891222D7-BD2B-4CF2-B97D-099A4C34E409}
		{E14A7D9D-2F4A-4824-A816-6DCF887C5737} = {891222D7-BD2B-4CF2-B97D-099A4C34E409}
		{53B93E1B-59CF-458A-A787-1CBBF51D3C23} = {891222D7-BD2B-4CF2-B97D-099A4C34E409}
		{349F1BD9-5ACB-4039-8A9D-97E47177B068} = {891222D7-BD2B-4CF2-B97D-099A4C34E409}
		{5E33247C-418A-4A7A-A2BC-78296B7DDE2A} = {891222D7-BD2B-4CF2-B97D-099A4C34E409}
		{CF8465E9-A5C4-4C3A-AC2C-D899510399FA} = {891222D7-BD2B-4CF2-B97D-099A4C34E409}
		{5ACE8929-870F-449E-A325-599C30EC9E5D} = {891222D7-BD2B-4CF2-B97D-099A4C34E409}
		{194C4A5F-F88D-4A90-A17C-E00888D519FD} = {891222D7-BD2B-4CF2-B97D-099A4C34E409}
		{7923AF04-9EDF-47CC-87EF-F0182856789A} = {891222D7-BD2B-4CF2-B97D-099A4C34E409}
		{FB67FE27-2F46-4650-A895-47FDF9F8B59C} = {891222D7-BD2B-4CF2-B97D-099A4C34E409}
		{21C5A5D7-8019-4A96-A8C4-EA37BB61C454} = {891222D7-BD2B-4CF2-B97D-099A4C34E409}
		{C1323956-570D-4AEB-9111-284CD714A05E} = {891222D7-BD2B-4CF2-B97D-099A4C34E409}
		{61015C20-57AA-477B-812C-3441F889BE4C} = {891222D7-BD2B-4CF2-B97D-099A4C34E409}
		{B86208DC-0D12-4512-A5AE-3A585980D1FC} = {891222D7-BD2B-4CF2-B97D-099A4C34E409}
		{087F7F18-38CE-4270-99ED-5BB1FF13B3E3} = {891222D7-BD2B-4CF2-B97D-099A4C34E409}
		{A5F68BF1-0B10-40F4-AEB8-E774AB8E1EC3} = {891222D7-BD2B-4CF2-B97D-099A4C34E409}
		{7AB53449-DDC5-48A2-9723-0EEF472CEABC} = {891222D7-BD2B-4CF2-B97D-099A4C34E409}
		{3C709AA2-76F1-4547-BA83-F25287ADB24C} = {891222D7-BD2B-4CF2-B97D-099A4C34E409}
		{97B93FD6-8D63-4D3D-B0E0-35C400948077} = {891222D7-BD2B-4CF2-B97D-099A4C34E409}
		{4F50110F-8761-4B06-88F1-9D82DE8F53F9} = {891222D7-BD2B-4CF2-B97D-099A4C34E409}
		{458B18EB-39BD-45BD-B9B4-81A0282B28F5} = {891222D7-BD2B-4CF2-B97D-099A4C34E409}
		{7D1CA703-A671-43DE-99AF-0FE5DB160F3B} = {CBC57F7C-AC97-4B27-B0BD-BE03DD5DE667}
		{E174173D-F0A9-4DD0-A357-502369B99572} = {0CB2B85F-5B22-47C8-A063-68E704B410E2}
		{424185C7-91CD-43CB-A447-8A30AB0CBBF2} = {0CB2B85F-5B22-47C8-A063-68E704B410E2}
		{9C9F3C69-5795-4BD4-B300-C2C28E2FF3BD} = {CBC57F7C-AC97-4B27-B0BD-BE03DD5DE667}
		{5E4F6195-77AE-40DB-BE68-FE526DDDFC1A} = {0CB2B85F-5B22-47C8-A063-68E704B410E2}
		{9E2CC171-3B0A-4498-9724-88256E38F716} = {F9D94A37-D2F9-4CB1-958C-FF0F6E26D96D}
		{9FB36484-9F8F-4B22-8A21-9F5E66318214} = {1DEBAE06-27B0-45D5-A839-525270908517}
		{90709DF4-1809-414F-A951-0F8CCFB8996C} = {891222D7-BD2B-4CF2-B97D-099A4C34E409}
		{24556CFD-1363-4923-8A41-0848EF09FD6D} = {EFE082E1-8966-4D2E-B794-F30F9C9C599C}
		{74BEF944-B36D-47EE-8C92-88BC3EF84FC3} = {D8AF9680-F39D-4FED-BEC6-D8C6D2267085}
		{6F2D2114-F65A-4E17-846C-78521F277A49} = {891222D7-BD2B-4CF2-B97D-099A4C34E409}
		{BB0AF549-AF34-4389-9CA1-51C3037CDD11} = {891222D7-BD2B-4CF2-B97D-099A4C34E409}
		{EBCFD133-9576-456E-991B-81DED85E1606} = {891222D7-BD2B-4CF2-B97D-099A4C34E409}
		{B602CB3C-FBAA-46F8-80C1-E18820259700} = {891222D7-BD2B-4CF2-B97D-099A4C34E409}
		{24F5A8B4-90F9-4C0C-81A5-C0A36279357C} = {891222D7-BD2B-4CF2-B97D-099A4C34E409}
		{E8FE8BCC-8811-460A-88C4-86A02043B05B} = {891222D7-BD2B-4CF2-B97D-099A4C34E409}
		{01F86671-339E-4E32-B4F8-E83CEB52A3A3} = {891222D7-BD2B-4CF2-B97D-099A4C34E409}
		{D386FF82-9213-45A1-83FA-1C9FE003C57F} = {891222D7-BD2B-4CF2-B97D-099A4C34E409}
		{65DAD418-AD86-4369-9EC2-6E90592B7DC1} = {891222D7-BD2B-4CF2-B97D-099A4C34E409}
		{7820D4A8-1088-4F75-9E6A-8D34088CED31} = {891222D7-BD2B-4CF2-B97D-099A4C34E409}
		{4E02127B-9E45-44F3-B2DE-5AC14E3E1C93} = {891222D7-BD2B-4CF2-B97D-099A4C34E409}
		{D16068CC-388F-4090-A05D-C62900DFDD65} = {891222D7-BD2B-4CF2-B97D-099A4C34E409}
		{D6FA86EE-1215-4EFD-9926-86208E1E6CD3} = {891222D7-BD2B-4CF2-B97D-099A4C34E409}
		{8500C5C4-8E9D-401A-B0BF-E07C3D7BA98F} = {891222D7-BD2B-4CF2-B97D-099A4C34E409}
		{989547C7-8558-482C-A0FE-C40DA021C3C9} = {891222D7-BD2B-4CF2-B97D-099A4C34E409}
		{89288A2E-54CE-4AA4-8293-80E38B999DA2} = {891222D7-BD2B-4CF2-B97D-099A4C34E409}
		{CC0FB45E-C8DE-4451-BBD1-7F9507F206B0} = {891222D7-BD2B-4CF2-B97D-099A4C34E409}
		{408DDDEF-8F94-4CED-B566-0BA4CBA24C78} = {891222D7-BD2B-4CF2-B97D-099A4C34E409}
		{76FC3812-2217-4B0D-9276-759595812FF4} = {891222D7-BD2B-4CF2-B97D-099A4C34E409}
		{18E883D2-D56B-4512-B483-6A1463EB8F01} = {891222D7-BD2B-4CF2-B97D-099A4C34E409}
		{759BCE05-81A7-41E4-B2E6-76C4732042AF} = {891222D7-BD2B-4CF2-B97D-099A4C34E409}
		{073DF1BF-FCA7-4CFC-B935-BA4C956FFFEF} = {891222D7-BD2B-4CF2-B97D-099A4C34E409}
		{54586949-EB5F-4E7A-803F-F7FA645EA893} = {891222D7-BD2B-4CF2-B97D-099A4C34E409}
		{8D39C771-5B3E-4F9A-A917-B1BA67676AEA} = {891222D7-BD2B-4CF2-B97D-099A4C34E409}
		{1A342300-532E-44A8-A55D-09ABABF555A7} = {891222D7-BD2B-4CF2-B97D-099A4C34E409}
		{D5EB8AB8-D72C-4566-8B7E-16DD9E182633} = {891222D7-BD2B-4CF2-B97D-099A4C34E409}
		{2A3AADE4-7AAD-4430-8AE2-5C8D2BF33F2F} = {891222D7-BD2B-4CF2-B97D-099A4C34E409}
		{57D3661E-0875-4A5F-92F9-118E0196A542} = {891222D7-BD2B-4CF2-B97D-099A4C34E409}
		{3997139E-3227-40B5-A893-E16D08D3E53B} = {891222D7-BD2B-4CF2-B97D-099A4C34E409}
		{E4583D98-98EC-423E-AA35-8CB6A5344857} = {891222D7-BD2B-4CF2-B97D-099A4C34E409}
		{234F4122-7BE6-4DDE-8D85-FAC6095174D5} = {891222D7-BD2B-4CF2-B97D-099A4C34E409}
		{457C0458-6139-4858-9704-D8C1ADCAF9B8} = {891222D7-BD2B-4CF2-B97D-099A4C34E409}
		{A8CBBEF9-27CD-4CC3-A8E5-084BCBF9A83A} = {891222D7-BD2B-4CF2-B97D-099A4C34E409}
		{F2EA88E9-5635-4967-810F-9B0D7B78A70E} = {891222D7-BD2B-4CF2-B97D-099A4C34E409}
		{1299F732-0994-49AC-8D71-1A7A82AF9C87} = {891222D7-BD2B-4CF2-B97D-099A4C34E409}
		{C6CA8C54-C5AF-4BDF-B23D-1AFE0ACEB812} = {891222D7-BD2B-4CF2-B97D-099A4C34E409}
		{FEDF13F8-4774-4C2A-9E40-3A5347F059FA} = {891222D7-BD2B-4CF2-B97D-099A4C34E409}
		{40DFE713-AB33-4970-8B7C-E88C52DA2D96} = {891222D7-BD2B-4CF2-B97D-099A4C34E409}
		{E477ECF4-5862-482B-82CB-B0C5166C10FF} = {891222D7-BD2B-4CF2-B97D-099A4C34E409}
		{B156BE4E-861A-4439-8DE5-6A68EBDA82DB} = {891222D7-BD2B-4CF2-B97D-099A4C34E409}
		{175E4A61-7ECA-4E21-A244-34BCFD8D0D58} = {891222D7-BD2B-4CF2-B97D-099A4C34E409}
		{65C1633F-47CD-4036-8739-2EAEF3E0B363} = {891222D7-BD2B-4CF2-B97D-099A4C34E409}
		{04BA54B3-0D6D-4EFB-8B7C-D578A89787FE} = {891222D7-BD2B-4CF2-B97D-099A4C34E409}
		{5B2010C5-245F-493E-8A45-0D29E7C8437D} = {891222D7-BD2B-4CF2-B97D-099A4C34E409}
		{5A0B1A45-AF62-443C-A1CD-C337CE816574} = {891222D7-BD2B-4CF2-B97D-099A4C34E409}
		{EB32414C-9FD0-42DB-8267-B98809CC551A} = {891222D7-BD2B-4CF2-B97D-099A4C34E409}
		{76F01E53-8DB7-4642-AC9D-2CC2D2C89B5E} = {BD092968-01AD-44A8-A4DE-42066F7D1BC4}
		{7B2933E5-1744-4673-8727-B3C3406D4C24} = {BD092968-01AD-44A8-A4DE-42066F7D1BC4}
		{7AC74F27-BDB5-4DE7-8A88-C33EE5E5ED28} = {BD092968-01AD-44A8-A4DE-42066F7D1BC4}
		{5C15DEAA-A406-40E0-A5D1-16A1D1FECB20} = {BD092968-01AD-44A8-A4DE-42066F7D1BC4}
		{F89DCC14-BD4D-4933-A0FF-10CA770338EB} = {BD092968-01AD-44A8-A4DE-42066F7D1BC4}
	EndGlobalSection
	GlobalSection(ExtensibilityGlobals) = postSolution
		SolutionGuid = {D5E94D28-E8B7-4517-B245-EF70BCCB466A}
	EndGlobalSection
EndGlobal
