
Microsoft Visual Studio Solution File, Format Version 12.00
# Visual Studio 2013
VisualStudioVersion = 12.0.30723.0
MinimumVisualStudioVersion = 10.0.40219.1
Project("{FAE04EC0-301F-11D3-BF4B-00C04F79EFBC}") = "EntityFramework.MappingAPI", "EntityFramework.MappingAPI\EntityFramework.MappingAPI.csproj", "{609BE91A-F11B-49BC-98D9-F7C83517A59E}"
EndProject
Project("{FAE04EC0-301F-11D3-BF4B-00C04F79EFBC}") = "EntityFramework.MappingAPI.Test", "EntityFramework.MappingAPI.Test\EntityFramework.MappingAPI.Test.csproj", "{C9530AA5-ACAD-4892-96E8-987A7847C341}"
EndProject
Global
	GlobalSection(TeamFoundationVersionControl) = preSolution
		SccNumberOfProjects = 3
		SccEnterpriseProvider = {4CA58AB2-18FA-4F8D-95D4-32DDF27D184C}
		SccTeamFoundationServer = https://tfs.codeplex.com/tfs/tfs33
		SccLocalPath0 = .
		SccProjectUniqueName1 = EntityFramework.MappingAPI.Test\\EntityFramework.MappingAPI.Test.csproj
		SccProjectName1 = EntityFramework.MappingAPI.Test
		SccLocalPath1 = EntityFramework.MappingAPI.Test
		SccProjectUniqueName2 = EntityFramework.MappingAPI\\EntityFramework.MappingAPI.csproj
		SccProjectName2 = EntityFramework.MappingAPI
		SccLocalPath2 = EntityFramework.MappingAPI
	EndGlobalSection
	GlobalSection(SolutionConfigurationPlatforms) = preSolution
		Debug|Any CPU = Debug|Any CPU
		NET40_EF4.1.10311|Any CPU = NET40_EF4.1.10311|Any CPU
		NET40_EF4.1.10331|Any CPU = NET40_EF4.1.10331|Any CPU
		NET40_EF4.1.10715|Any CPU = NET40_EF4.1.10715|Any CPU
		NET40_EF4.2.0|Any CPU = NET40_EF4.2.0|Any CPU
		NET40_EF4.3.0|Any CPU = NET40_EF4.3.0|Any CPU
		NET40_EF4.3.1|Any CPU = NET40_EF4.3.1|Any CPU
		NET40_EF5.0.0|Any CPU = NET40_EF5.0.0|Any CPU
		NET40_EF6.0.0|Any CPU = NET40_EF6.0.0|Any CPU
		NET40_EF6.0.1|Any CPU = NET40_EF6.0.1|Any CPU
		NET40_EF6.0.2|Any CPU = NET40_EF6.0.2|Any CPU
		NET40_EF6.1.0|Any CPU = NET40_EF6.1.0|Any CPU
		NET40_EF6.1.1|Any CPU = NET40_EF6.1.1|Any CPU
		Release|Any CPU = Release|Any CPU
	EndGlobalSection
	GlobalSection(ProjectConfigurationPlatforms) = postSolution
		{609BE91A-F11B-49BC-98D9-F7C83517A59E}.Debug|Any CPU.ActiveCfg = Debug|Any CPU
		{609BE91A-F11B-49BC-98D9-F7C83517A59E}.Debug|Any CPU.Build.0 = Debug|Any CPU
		{609BE91A-F11B-49BC-98D9-F7C83517A59E}.NET40_EF4.1.10311|Any CPU.ActiveCfg = NET40_EF4.1.10311|Any CPU
		{609BE91A-F11B-49BC-98D9-F7C83517A59E}.NET40_EF4.1.10311|Any CPU.Build.0 = NET40_EF4.1.10311|Any CPU
		{609BE91A-F11B-49BC-98D9-F7C83517A59E}.NET40_EF4.1.10331|Any CPU.ActiveCfg = NET40_EF4.1.10331|Any CPU
		{609BE91A-F11B-49BC-98D9-F7C83517A59E}.NET40_EF4.1.10331|Any CPU.Build.0 = NET40_EF4.1.10331|Any CPU
		{609BE91A-F11B-49BC-98D9-F7C83517A59E}.NET40_EF4.1.10715|Any CPU.ActiveCfg = NET40_EF4.1.10715|Any CPU
		{609BE91A-F11B-49BC-98D9-F7C83517A59E}.NET40_EF4.1.10715|Any CPU.Build.0 = NET40_EF4.1.10715|Any CPU
		{609BE91A-F11B-49BC-98D9-F7C83517A59E}.NET40_EF4.2.0|Any CPU.ActiveCfg = NET40_EF4.2.0|Any CPU
		{609BE91A-F11B-49BC-98D9-F7C83517A59E}.NET40_EF4.2.0|Any CPU.Build.0 = NET40_EF4.2.0|Any CPU
		{609BE91A-F11B-49BC-98D9-F7C83517A59E}.NET40_EF4.3.0|Any CPU.ActiveCfg = NET40_EF4.3.0|Any CPU
		{609BE91A-F11B-49BC-98D9-F7C83517A59E}.NET40_EF4.3.0|Any CPU.Build.0 = NET40_EF4.3.0|Any CPU
		{609BE91A-F11B-49BC-98D9-F7C83517A59E}.NET40_EF4.3.1|Any CPU.ActiveCfg = NET40_EF4.3.1|Any CPU
		{609BE91A-F11B-49BC-98D9-F7C83517A59E}.NET40_EF4.3.1|Any CPU.Build.0 = NET40_EF4.3.1|Any CPU
		{609BE91A-F11B-49BC-98D9-F7C83517A59E}.NET40_EF5.0.0|Any CPU.ActiveCfg = NET40_EF5.0.0|Any CPU
		{609BE91A-F11B-49BC-98D9-F7C83517A59E}.NET40_EF5.0.0|Any CPU.Build.0 = NET40_EF5.0.0|Any CPU
		{609BE91A-F11B-49BC-98D9-F7C83517A59E}.NET40_EF6.0.0|Any CPU.ActiveCfg = NET40_EF6.0.0|Any CPU
		{609BE91A-F11B-49BC-98D9-F7C83517A59E}.NET40_EF6.0.0|Any CPU.Build.0 = NET40_EF6.0.0|Any CPU
		{609BE91A-F11B-49BC-98D9-F7C83517A59E}.NET40_EF6.0.1|Any CPU.ActiveCfg = NET40_EF6.0.1|Any CPU
		{609BE91A-F11B-49BC-98D9-F7C83517A59E}.NET40_EF6.0.1|Any CPU.Build.0 = NET40_EF6.0.1|Any CPU
		{609BE91A-F11B-49BC-98D9-F7C83517A59E}.NET40_EF6.0.2|Any CPU.ActiveCfg = NET40_EF6.0.2|Any CPU
		{609BE91A-F11B-49BC-98D9-F7C83517A59E}.NET40_EF6.0.2|Any CPU.Build.0 = NET40_EF6.0.2|Any CPU
		{609BE91A-F11B-49BC-98D9-F7C83517A59E}.NET40_EF6.1.0|Any CPU.ActiveCfg = NET40_EF6.1.0|Any CPU
		{609BE91A-F11B-49BC-98D9-F7C83517A59E}.NET40_EF6.1.0|Any CPU.Build.0 = NET40_EF6.1.0|Any CPU
		{609BE91A-F11B-49BC-98D9-F7C83517A59E}.NET40_EF6.1.1|Any CPU.ActiveCfg = NET40_EF6.1.1|Any CPU
		{609BE91A-F11B-49BC-98D9-F7C83517A59E}.NET40_EF6.1.1|Any CPU.Build.0 = NET40_EF6.1.1|Any CPU
		{609BE91A-F11B-49BC-98D9-F7C83517A59E}.Release|Any CPU.ActiveCfg = Release|Any CPU
		{609BE91A-F11B-49BC-98D9-F7C83517A59E}.Release|Any CPU.Build.0 = Release|Any CPU
		{C9530AA5-ACAD-4892-96E8-987A7847C341}.Debug|Any CPU.ActiveCfg = Debug|Any CPU
		{C9530AA5-ACAD-4892-96E8-987A7847C341}.Debug|Any CPU.Build.0 = Debug|Any CPU
		{C9530AA5-ACAD-4892-96E8-987A7847C341}.NET40_EF4.1.10311|Any CPU.ActiveCfg = NET40_EF4.1.10311|Any CPU
		{C9530AA5-ACAD-4892-96E8-987A7847C341}.NET40_EF4.1.10311|Any CPU.Build.0 = NET40_EF4.1.10311|Any CPU
		{C9530AA5-ACAD-4892-96E8-987A7847C341}.NET40_EF4.1.10331|Any CPU.ActiveCfg = NET40_EF4.1.10331|Any CPU
		{C9530AA5-ACAD-4892-96E8-987A7847C341}.NET40_EF4.1.10331|Any CPU.Build.0 = NET40_EF4.1.10331|Any CPU
		{C9530AA5-ACAD-4892-96E8-987A7847C341}.NET40_EF4.1.10715|Any CPU.ActiveCfg = NET40_EF4.1.10715|Any CPU
		{C9530AA5-ACAD-4892-96E8-987A7847C341}.NET40_EF4.1.10715|Any CPU.Build.0 = NET40_EF4.1.10715|Any CPU
		{C9530AA5-ACAD-4892-96E8-987A7847C341}.NET40_EF4.2.0|Any CPU.ActiveCfg = NET40_EF4.2.0|Any CPU
		{C9530AA5-ACAD-4892-96E8-987A7847C341}.NET40_EF4.2.0|Any CPU.Build.0 = NET40_EF4.2.0|Any CPU
		{C9530AA5-ACAD-4892-96E8-987A7847C341}.NET40_EF4.3.0|Any CPU.ActiveCfg = NET40_EF4.3.0|Any CPU
		{C9530AA5-ACAD-4892-96E8-987A7847C341}.NET40_EF4.3.0|Any CPU.Build.0 = NET40_EF4.3.0|Any CPU
		{C9530AA5-ACAD-4892-96E8-987A7847C341}.NET40_EF4.3.1|Any CPU.ActiveCfg = NET40_EF4.3.1|Any CPU
		{C9530AA5-ACAD-4892-96E8-987A7847C341}.NET40_EF4.3.1|Any CPU.Build.0 = NET40_EF4.3.1|Any CPU
		{C9530AA5-ACAD-4892-96E8-987A7847C341}.NET40_EF5.0.0|Any CPU.ActiveCfg = NET40_EF5.0.0|Any CPU
		{C9530AA5-ACAD-4892-96E8-987A7847C341}.NET40_EF5.0.0|Any CPU.Build.0 = NET40_EF5.0.0|Any CPU
		{C9530AA5-ACAD-4892-96E8-987A7847C341}.NET40_EF6.0.0|Any CPU.ActiveCfg = NET40_EF6.0.0|Any CPU
		{C9530AA5-ACAD-4892-96E8-987A7847C341}.NET40_EF6.0.0|Any CPU.Build.0 = NET40_EF6.0.0|Any CPU
		{C9530AA5-ACAD-4892-96E8-987A7847C341}.NET40_EF6.0.1|Any CPU.ActiveCfg = NET40_EF6.0.1|Any CPU
		{C9530AA5-ACAD-4892-96E8-987A7847C341}.NET40_EF6.0.1|Any CPU.Build.0 = NET40_EF6.0.1|Any CPU
		{C9530AA5-ACAD-4892-96E8-987A7847C341}.NET40_EF6.0.2|Any CPU.ActiveCfg = NET40_EF6.0.2|Any CPU
		{C9530AA5-ACAD-4892-96E8-987A7847C341}.NET40_EF6.0.2|Any CPU.Build.0 = NET40_EF6.0.2|Any CPU
		{C9530AA5-ACAD-4892-96E8-987A7847C341}.NET40_EF6.1.0|Any CPU.ActiveCfg = NET40_EF6.1.0|Any CPU
		{C9530AA5-ACAD-4892-96E8-987A7847C341}.NET40_EF6.1.0|Any CPU.Build.0 = NET40_EF6.1.0|Any CPU
		{C9530AA5-ACAD-4892-96E8-987A7847C341}.NET40_EF6.1.1|Any CPU.ActiveCfg = NET40_EF6.1.1|Any CPU
		{C9530AA5-ACAD-4892-96E8-987A7847C341}.NET40_EF6.1.1|Any CPU.Build.0 = NET40_EF6.1.1|Any CPU
		{C9530AA5-ACAD-4892-96E8-987A7847C341}.Release|Any CPU.ActiveCfg = Release|Any CPU
		{C9530AA5-ACAD-4892-96E8-987A7847C341}.Release|Any CPU.Build.0 = Release|Any CPU
	EndGlobalSection
	GlobalSection(SolutionProperties) = preSolution
		HideSolutionNode = FALSE
	EndGlobalSection
EndGlobal
